
Microsoft Visual Studio Solution File, Format Version 12.00
# Visual Studio Version 16
VisualStudioVersion = 16.0.30330.147
MinimumVisualStudioVersion = 10.0.40219.1
Project("{2150E333-8FDC-42A3-9474-1A3956D46DE8}") = "wpf", "wpf", "{D8E3DA4F-9CA9-4F9D-B161-41C45C7BF37F}"
EndProject
Project("{9A19103F-16F7-4668-BE54-9A1E7A4F7556}") = "MagicDemo", "forms\MagicDemo\MagicDemo.csproj", "{0B66D680-E104-438F-BB04-8E60AEC0C0DE}"
EndProject
Project("{FAE04EC0-301F-11D3-BF4B-00C04F79EFBC}") = "MagicDemo.Android", "forms\MagicDemo.Android\MagicDemo.Android.csproj", "{81D26E4D-D867-4BE0-A250-CBBA7F100435}"
EndProject
Project("{FAE04EC0-301F-11D3-BF4B-00C04F79EFBC}") = "MagicDemo.iOS", "forms\MagicDemo.iOS\MagicDemo.iOS.csproj", "{4F38CA76-A3ED-4A6A-BCD2-2FCFA673DEB5}"
EndProject
Project("{9A19103F-16F7-4668-BE54-9A1E7A4F7556}") = "MagicDemo.SampleModule", "forms\MagicDemo.SampleModule\MagicDemo.SampleModule.csproj", "{81D8F3FA-6870-4771-A465-97D8C61626AF}"
EndProject
Project("{2150E333-8FDC-42A3-9474-1A3956D46DE8}") = "forms", "forms", "{78F57A40-B366-4E5B-83BA-87746CF002FD}"
EndProject
Project("{FAE04EC0-301F-11D3-BF4B-00C04F79EFBC}") = "MagicWpfDemo", "wpf\MagicWpfDemo\MagicWpfDemo.csproj", "{5E7F91FB-16A7-4873-B413-52E39079C4FA}"
EndProject
Project("{FAE04EC0-301F-11D3-BF4B-00C04F79EFBC}") = "PrismWpfDemoModule", "wpf\PrismWpfDemoModule\PrismWpfDemoModule.csproj", "{766F2C1D-925E-4F5D-99FD-DE8629C6A766}"
EndProject
Project("{2150E333-8FDC-42A3-9474-1A3956D46DE8}") = "Solution Items", "Solution Items", "{40515C95-D488-4B5F-B19A-E740F3A560BD}"
	ProjectSection(SolutionItems) = preProject
		.editorconfig = .editorconfig
		Directory.Build.targets = Directory.Build.targets
		Packages.props = Packages.props
		ReadMe.md = ReadMe.md
	EndProjectSection
EndProject
Project("{2150E333-8FDC-42A3-9474-1A3956D46DE8}") = "uno", "uno", "{1CB649B2-392E-491A-B599-5F263AB8B336}"
EndProject
Project("{9A19103F-16F7-4668-BE54-9A1E7A4F7556}") = "MagicUnoDemo.Core", "uno\MagicUnoDemo.Core\MagicUnoDemo.Core.csproj", "{953A2180-F39D-499D-838B-5AD9A9FBEAE7}"
EndProject
Project("{D954291E-2A0B-460D-934E-DC6B0785DB48}") = "MagicUnoDemo.Shared", "uno\MagicUnoDemo.Shared\MagicUnoDemo.Shared.shproj", "{DFD853F4-F13D-458A-A340-CC6E2BC20D55}"
EndProject
Project("{2150E333-8FDC-42A3-9474-1A3956D46DE8}") = "platforms", "platforms", "{03DFAFB7-C9AA-43B4-BF4A-5ECF2345CC29}"
EndProject
Project("{FAE04EC0-301F-11D3-BF4B-00C04F79EFBC}") = "MagicUnoDemo.Android", "uno\Platforms\MagicUnoDemo.Android\MagicUnoDemo.Android.csproj", "{875610FC-3E55-4DA6-9BCA-7B6101A76C70}"
EndProject
Project("{FAE04EC0-301F-11D3-BF4B-00C04F79EFBC}") = "MagicUnoDemo.iOS", "uno\Platforms\MagicUnoDemo.iOS\MagicUnoDemo.iOS.csproj", "{7C0F87D6-8C1E-4EFA-9D57-D667F97068F0}"
EndProject
Project("{FAE04EC0-301F-11D3-BF4B-00C04F79EFBC}") = "MagicUnoDemo.macOS", "uno\Platforms\MagicUnoDemo.macOS\MagicUnoDemo.macOS.csproj", "{87596B57-43D7-46EF-A190-7BCC77884046}"
EndProject
Project("{FAE04EC0-301F-11D3-BF4B-00C04F79EFBC}") = "MagicUnoDemo.UWP", "uno\Platforms\MagicUnoDemo.UWP\MagicUnoDemo.UWP.csproj", "{A1CB15B7-659E-41D8-A8AD-441D2283B794}"
EndProject
Project("{9A19103F-16F7-4668-BE54-9A1E7A4F7556}") = "MagicUnoDemo.Wasm", "uno\Platforms\MagicUnoDemo.Wasm\MagicUnoDemo.Wasm.csproj", "{6A140CBC-2C5A-438A-8D12-C89289041A71}"
EndProject
Global
	GlobalSection(SharedMSBuildProjectFiles) = preSolution
		uno\MagicUnoDemo.Shared\MagicUnoDemo.Shared.projitems*{6a140cbc-2c5a-438a-8d12-c89289041a71}*SharedItemsImports = 5
		uno\MagicUnoDemo.Shared\MagicUnoDemo.Shared.projitems*{7c0f87d6-8c1e-4efa-9d57-d667f97068f0}*SharedItemsImports = 4
		uno\MagicUnoDemo.Shared\MagicUnoDemo.Shared.projitems*{875610fc-3e55-4da6-9bca-7b6101a76c70}*SharedItemsImports = 4
		uno\MagicUnoDemo.Shared\MagicUnoDemo.Shared.projitems*{87596b57-43d7-46ef-a190-7bcc77884046}*SharedItemsImports = 4
		uno\MagicUnoDemo.Shared\MagicUnoDemo.Shared.projitems*{a1cb15b7-659e-41d8-a8ad-441d2283b794}*SharedItemsImports = 4
		uno\MagicUnoDemo.Shared\MagicUnoDemo.Shared.projitems*{dfd853f4-f13d-458a-a340-cc6e2bc20d55}*SharedItemsImports = 13
	EndGlobalSection
	GlobalSection(SolutionConfigurationPlatforms) = preSolution
		Ad-Hoc|Any CPU = Ad-Hoc|Any CPU
		Ad-Hoc|ARM = Ad-Hoc|ARM
		Ad-Hoc|ARM64 = Ad-Hoc|ARM64
		Ad-Hoc|iPhone = Ad-Hoc|iPhone
		Ad-Hoc|iPhoneSimulator = Ad-Hoc|iPhoneSimulator
		Ad-Hoc|x64 = Ad-Hoc|x64
		Ad-Hoc|x86 = Ad-Hoc|x86
		AppStore|Any CPU = AppStore|Any CPU
		AppStore|ARM = AppStore|ARM
		AppStore|ARM64 = AppStore|ARM64
		AppStore|iPhone = AppStore|iPhone
		AppStore|iPhoneSimulator = AppStore|iPhoneSimulator
		AppStore|x64 = AppStore|x64
		AppStore|x86 = AppStore|x86
		Debug|Any CPU = Debug|Any CPU
		Debug|ARM = Debug|ARM
		Debug|ARM64 = Debug|ARM64
		Debug|iPhone = Debug|iPhone
		Debug|iPhoneSimulator = Debug|iPhoneSimulator
		Debug|x64 = Debug|x64
		Debug|x86 = Debug|x86
		Release|Any CPU = Release|Any CPU
		Release|ARM = Release|ARM
		Release|ARM64 = Release|ARM64
		Release|iPhone = Release|iPhone
		Release|iPhoneSimulator = Release|iPhoneSimulator
		Release|x64 = Release|x64
		Release|x86 = Release|x86
	EndGlobalSection
	GlobalSection(ProjectConfigurationPlatforms) = postSolution
		{0B66D680-E104-438F-BB04-8E60AEC0C0DE}.Ad-Hoc|Any CPU.ActiveCfg = Debug|Any CPU
		{0B66D680-E104-438F-BB04-8E60AEC0C0DE}.Ad-Hoc|Any CPU.Build.0 = Debug|Any CPU
		{0B66D680-E104-438F-BB04-8E60AEC0C0DE}.Ad-Hoc|ARM.ActiveCfg = Debug|Any CPU
		{0B66D680-E104-438F-BB04-8E60AEC0C0DE}.Ad-Hoc|ARM.Build.0 = Debug|Any CPU
		{0B66D680-E104-438F-BB04-8E60AEC0C0DE}.Ad-Hoc|ARM64.ActiveCfg = Debug|Any CPU
		{0B66D680-E104-438F-BB04-8E60AEC0C0DE}.Ad-Hoc|ARM64.Build.0 = Debug|Any CPU
		{0B66D680-E104-438F-BB04-8E60AEC0C0DE}.Ad-Hoc|iPhone.ActiveCfg = Debug|Any CPU
		{0B66D680-E104-438F-BB04-8E60AEC0C0DE}.Ad-Hoc|iPhone.Build.0 = Debug|Any CPU
		{0B66D680-E104-438F-BB04-8E60AEC0C0DE}.Ad-Hoc|iPhoneSimulator.ActiveCfg = Debug|Any CPU
		{0B66D680-E104-438F-BB04-8E60AEC0C0DE}.Ad-Hoc|iPhoneSimulator.Build.0 = Debug|Any CPU
		{0B66D680-E104-438F-BB04-8E60AEC0C0DE}.Ad-Hoc|x64.ActiveCfg = Debug|Any CPU
		{0B66D680-E104-438F-BB04-8E60AEC0C0DE}.Ad-Hoc|x64.Build.0 = Debug|Any CPU
		{0B66D680-E104-438F-BB04-8E60AEC0C0DE}.Ad-Hoc|x86.ActiveCfg = Debug|Any CPU
		{0B66D680-E104-438F-BB04-8E60AEC0C0DE}.Ad-Hoc|x86.Build.0 = Debug|Any CPU
		{0B66D680-E104-438F-BB04-8E60AEC0C0DE}.AppStore|Any CPU.ActiveCfg = Debug|Any CPU
		{0B66D680-E104-438F-BB04-8E60AEC0C0DE}.AppStore|Any CPU.Build.0 = Debug|Any CPU
		{0B66D680-E104-438F-BB04-8E60AEC0C0DE}.AppStore|ARM.ActiveCfg = Debug|Any CPU
		{0B66D680-E104-438F-BB04-8E60AEC0C0DE}.AppStore|ARM.Build.0 = Debug|Any CPU
		{0B66D680-E104-438F-BB04-8E60AEC0C0DE}.AppStore|ARM64.ActiveCfg = Debug|Any CPU
		{0B66D680-E104-438F-BB04-8E60AEC0C0DE}.AppStore|ARM64.Build.0 = Debug|Any CPU
		{0B66D680-E104-438F-BB04-8E60AEC0C0DE}.AppStore|iPhone.ActiveCfg = Debug|Any CPU
		{0B66D680-E104-438F-BB04-8E60AEC0C0DE}.AppStore|iPhone.Build.0 = Debug|Any CPU
		{0B66D680-E104-438F-BB04-8E60AEC0C0DE}.AppStore|iPhoneSimulator.ActiveCfg = Debug|Any CPU
		{0B66D680-E104-438F-BB04-8E60AEC0C0DE}.AppStore|iPhoneSimulator.Build.0 = Debug|Any CPU
		{0B66D680-E104-438F-BB04-8E60AEC0C0DE}.AppStore|x64.ActiveCfg = Debug|Any CPU
		{0B66D680-E104-438F-BB04-8E60AEC0C0DE}.AppStore|x64.Build.0 = Debug|Any CPU
		{0B66D680-E104-438F-BB04-8E60AEC0C0DE}.AppStore|x86.ActiveCfg = Debug|Any CPU
		{0B66D680-E104-438F-BB04-8E60AEC0C0DE}.AppStore|x86.Build.0 = Debug|Any CPU
		{0B66D680-E104-438F-BB04-8E60AEC0C0DE}.Debug|Any CPU.ActiveCfg = Debug|Any CPU
		{0B66D680-E104-438F-BB04-8E60AEC0C0DE}.Debug|Any CPU.Build.0 = Debug|Any CPU
		{0B66D680-E104-438F-BB04-8E60AEC0C0DE}.Debug|ARM.ActiveCfg = Debug|Any CPU
		{0B66D680-E104-438F-BB04-8E60AEC0C0DE}.Debug|ARM.Build.0 = Debug|Any CPU
		{0B66D680-E104-438F-BB04-8E60AEC0C0DE}.Debug|ARM64.ActiveCfg = Debug|Any CPU
		{0B66D680-E104-438F-BB04-8E60AEC0C0DE}.Debug|ARM64.Build.0 = Debug|Any CPU
		{0B66D680-E104-438F-BB04-8E60AEC0C0DE}.Debug|iPhone.ActiveCfg = Debug|Any CPU
		{0B66D680-E104-438F-BB04-8E60AEC0C0DE}.Debug|iPhone.Build.0 = Debug|Any CPU
		{0B66D680-E104-438F-BB04-8E60AEC0C0DE}.Debug|iPhoneSimulator.ActiveCfg = Debug|Any CPU
		{0B66D680-E104-438F-BB04-8E60AEC0C0DE}.Debug|iPhoneSimulator.Build.0 = Debug|Any CPU
		{0B66D680-E104-438F-BB04-8E60AEC0C0DE}.Debug|x64.ActiveCfg = Debug|Any CPU
		{0B66D680-E104-438F-BB04-8E60AEC0C0DE}.Debug|x64.Build.0 = Debug|Any CPU
		{0B66D680-E104-438F-BB04-8E60AEC0C0DE}.Debug|x86.ActiveCfg = Debug|Any CPU
		{0B66D680-E104-438F-BB04-8E60AEC0C0DE}.Debug|x86.Build.0 = Debug|Any CPU
		{0B66D680-E104-438F-BB04-8E60AEC0C0DE}.Release|Any CPU.ActiveCfg = Release|Any CPU
		{0B66D680-E104-438F-BB04-8E60AEC0C0DE}.Release|Any CPU.Build.0 = Release|Any CPU
		{0B66D680-E104-438F-BB04-8E60AEC0C0DE}.Release|ARM.ActiveCfg = Release|Any CPU
		{0B66D680-E104-438F-BB04-8E60AEC0C0DE}.Release|ARM.Build.0 = Release|Any CPU
		{0B66D680-E104-438F-BB04-8E60AEC0C0DE}.Release|ARM64.ActiveCfg = Release|Any CPU
		{0B66D680-E104-438F-BB04-8E60AEC0C0DE}.Release|ARM64.Build.0 = Release|Any CPU
		{0B66D680-E104-438F-BB04-8E60AEC0C0DE}.Release|iPhone.ActiveCfg = Release|Any CPU
		{0B66D680-E104-438F-BB04-8E60AEC0C0DE}.Release|iPhone.Build.0 = Release|Any CPU
		{0B66D680-E104-438F-BB04-8E60AEC0C0DE}.Release|iPhoneSimulator.ActiveCfg = Release|Any CPU
		{0B66D680-E104-438F-BB04-8E60AEC0C0DE}.Release|iPhoneSimulator.Build.0 = Release|Any CPU
		{0B66D680-E104-438F-BB04-8E60AEC0C0DE}.Release|x64.ActiveCfg = Release|Any CPU
		{0B66D680-E104-438F-BB04-8E60AEC0C0DE}.Release|x64.Build.0 = Release|Any CPU
		{0B66D680-E104-438F-BB04-8E60AEC0C0DE}.Release|x86.ActiveCfg = Release|Any CPU
		{0B66D680-E104-438F-BB04-8E60AEC0C0DE}.Release|x86.Build.0 = Release|Any CPU
		{81D26E4D-D867-4BE0-A250-CBBA7F100435}.Ad-Hoc|Any CPU.ActiveCfg = Debug|Any CPU
		{81D26E4D-D867-4BE0-A250-CBBA7F100435}.Ad-Hoc|Any CPU.Build.0 = Debug|Any CPU
		{81D26E4D-D867-4BE0-A250-CBBA7F100435}.Ad-Hoc|Any CPU.Deploy.0 = Debug|Any CPU
		{81D26E4D-D867-4BE0-A250-CBBA7F100435}.Ad-Hoc|ARM.ActiveCfg = Debug|Any CPU
		{81D26E4D-D867-4BE0-A250-CBBA7F100435}.Ad-Hoc|ARM.Build.0 = Debug|Any CPU
		{81D26E4D-D867-4BE0-A250-CBBA7F100435}.Ad-Hoc|ARM.Deploy.0 = Debug|Any CPU
		{81D26E4D-D867-4BE0-A250-CBBA7F100435}.Ad-Hoc|ARM64.ActiveCfg = Debug|Any CPU
		{81D26E4D-D867-4BE0-A250-CBBA7F100435}.Ad-Hoc|ARM64.Build.0 = Debug|Any CPU
		{81D26E4D-D867-4BE0-A250-CBBA7F100435}.Ad-Hoc|ARM64.Deploy.0 = Debug|Any CPU
		{81D26E4D-D867-4BE0-A250-CBBA7F100435}.Ad-Hoc|iPhone.ActiveCfg = Debug|Any CPU
		{81D26E4D-D867-4BE0-A250-CBBA7F100435}.Ad-Hoc|iPhone.Build.0 = Debug|Any CPU
		{81D26E4D-D867-4BE0-A250-CBBA7F100435}.Ad-Hoc|iPhone.Deploy.0 = Debug|Any CPU
		{81D26E4D-D867-4BE0-A250-CBBA7F100435}.Ad-Hoc|iPhoneSimulator.ActiveCfg = Debug|Any CPU
		{81D26E4D-D867-4BE0-A250-CBBA7F100435}.Ad-Hoc|iPhoneSimulator.Build.0 = Debug|Any CPU
		{81D26E4D-D867-4BE0-A250-CBBA7F100435}.Ad-Hoc|iPhoneSimulator.Deploy.0 = Debug|Any CPU
		{81D26E4D-D867-4BE0-A250-CBBA7F100435}.Ad-Hoc|x64.ActiveCfg = Debug|Any CPU
		{81D26E4D-D867-4BE0-A250-CBBA7F100435}.Ad-Hoc|x64.Build.0 = Debug|Any CPU
		{81D26E4D-D867-4BE0-A250-CBBA7F100435}.Ad-Hoc|x64.Deploy.0 = Debug|Any CPU
		{81D26E4D-D867-4BE0-A250-CBBA7F100435}.Ad-Hoc|x86.ActiveCfg = Debug|Any CPU
		{81D26E4D-D867-4BE0-A250-CBBA7F100435}.Ad-Hoc|x86.Build.0 = Debug|Any CPU
		{81D26E4D-D867-4BE0-A250-CBBA7F100435}.Ad-Hoc|x86.Deploy.0 = Debug|Any CPU
		{81D26E4D-D867-4BE0-A250-CBBA7F100435}.AppStore|Any CPU.ActiveCfg = Debug|Any CPU
		{81D26E4D-D867-4BE0-A250-CBBA7F100435}.AppStore|Any CPU.Build.0 = Debug|Any CPU
		{81D26E4D-D867-4BE0-A250-CBBA7F100435}.AppStore|Any CPU.Deploy.0 = Debug|Any CPU
		{81D26E4D-D867-4BE0-A250-CBBA7F100435}.AppStore|ARM.ActiveCfg = Debug|Any CPU
		{81D26E4D-D867-4BE0-A250-CBBA7F100435}.AppStore|ARM.Build.0 = Debug|Any CPU
		{81D26E4D-D867-4BE0-A250-CBBA7F100435}.AppStore|ARM.Deploy.0 = Debug|Any CPU
		{81D26E4D-D867-4BE0-A250-CBBA7F100435}.AppStore|ARM64.ActiveCfg = Debug|Any CPU
		{81D26E4D-D867-4BE0-A250-CBBA7F100435}.AppStore|ARM64.Build.0 = Debug|Any CPU
		{81D26E4D-D867-4BE0-A250-CBBA7F100435}.AppStore|ARM64.Deploy.0 = Debug|Any CPU
		{81D26E4D-D867-4BE0-A250-CBBA7F100435}.AppStore|iPhone.ActiveCfg = Debug|Any CPU
		{81D26E4D-D867-4BE0-A250-CBBA7F100435}.AppStore|iPhone.Build.0 = Debug|Any CPU
		{81D26E4D-D867-4BE0-A250-CBBA7F100435}.AppStore|iPhone.Deploy.0 = Debug|Any CPU
		{81D26E4D-D867-4BE0-A250-CBBA7F100435}.AppStore|iPhoneSimulator.ActiveCfg = Debug|Any CPU
		{81D26E4D-D867-4BE0-A250-CBBA7F100435}.AppStore|iPhoneSimulator.Build.0 = Debug|Any CPU
		{81D26E4D-D867-4BE0-A250-CBBA7F100435}.AppStore|iPhoneSimulator.Deploy.0 = Debug|Any CPU
		{81D26E4D-D867-4BE0-A250-CBBA7F100435}.AppStore|x64.ActiveCfg = Debug|Any CPU
		{81D26E4D-D867-4BE0-A250-CBBA7F100435}.AppStore|x64.Build.0 = Debug|Any CPU
		{81D26E4D-D867-4BE0-A250-CBBA7F100435}.AppStore|x64.Deploy.0 = Debug|Any CPU
		{81D26E4D-D867-4BE0-A250-CBBA7F100435}.AppStore|x86.ActiveCfg = Debug|Any CPU
		{81D26E4D-D867-4BE0-A250-CBBA7F100435}.AppStore|x86.Build.0 = Debug|Any CPU
		{81D26E4D-D867-4BE0-A250-CBBA7F100435}.AppStore|x86.Deploy.0 = Debug|Any CPU
		{81D26E4D-D867-4BE0-A250-CBBA7F100435}.Debug|Any CPU.ActiveCfg = Debug|Any CPU
		{81D26E4D-D867-4BE0-A250-CBBA7F100435}.Debug|Any CPU.Build.0 = Debug|Any CPU
		{81D26E4D-D867-4BE0-A250-CBBA7F100435}.Debug|Any CPU.Deploy.0 = Debug|Any CPU
		{81D26E4D-D867-4BE0-A250-CBBA7F100435}.Debug|ARM.ActiveCfg = Debug|Any CPU
		{81D26E4D-D867-4BE0-A250-CBBA7F100435}.Debug|ARM.Build.0 = Debug|Any CPU
		{81D26E4D-D867-4BE0-A250-CBBA7F100435}.Debug|ARM.Deploy.0 = Debug|Any CPU
		{81D26E4D-D867-4BE0-A250-CBBA7F100435}.Debug|ARM64.ActiveCfg = Debug|Any CPU
		{81D26E4D-D867-4BE0-A250-CBBA7F100435}.Debug|ARM64.Build.0 = Debug|Any CPU
		{81D26E4D-D867-4BE0-A250-CBBA7F100435}.Debug|ARM64.Deploy.0 = Debug|Any CPU
		{81D26E4D-D867-4BE0-A250-CBBA7F100435}.Debug|iPhone.ActiveCfg = Debug|Any CPU
		{81D26E4D-D867-4BE0-A250-CBBA7F100435}.Debug|iPhone.Build.0 = Debug|Any CPU
		{81D26E4D-D867-4BE0-A250-CBBA7F100435}.Debug|iPhone.Deploy.0 = Debug|Any CPU
		{81D26E4D-D867-4BE0-A250-CBBA7F100435}.Debug|iPhoneSimulator.ActiveCfg = Debug|Any CPU
		{81D26E4D-D867-4BE0-A250-CBBA7F100435}.Debug|iPhoneSimulator.Build.0 = Debug|Any CPU
		{81D26E4D-D867-4BE0-A250-CBBA7F100435}.Debug|iPhoneSimulator.Deploy.0 = Debug|Any CPU
		{81D26E4D-D867-4BE0-A250-CBBA7F100435}.Debug|x64.ActiveCfg = Debug|Any CPU
		{81D26E4D-D867-4BE0-A250-CBBA7F100435}.Debug|x64.Build.0 = Debug|Any CPU
		{81D26E4D-D867-4BE0-A250-CBBA7F100435}.Debug|x64.Deploy.0 = Debug|Any CPU
		{81D26E4D-D867-4BE0-A250-CBBA7F100435}.Debug|x86.ActiveCfg = Debug|Any CPU
		{81D26E4D-D867-4BE0-A250-CBBA7F100435}.Debug|x86.Build.0 = Debug|Any CPU
		{81D26E4D-D867-4BE0-A250-CBBA7F100435}.Debug|x86.Deploy.0 = Debug|Any CPU
		{81D26E4D-D867-4BE0-A250-CBBA7F100435}.Release|Any CPU.ActiveCfg = Release|Any CPU
		{81D26E4D-D867-4BE0-A250-CBBA7F100435}.Release|Any CPU.Build.0 = Release|Any CPU
		{81D26E4D-D867-4BE0-A250-CBBA7F100435}.Release|Any CPU.Deploy.0 = Release|Any CPU
		{81D26E4D-D867-4BE0-A250-CBBA7F100435}.Release|ARM.ActiveCfg = Release|Any CPU
		{81D26E4D-D867-4BE0-A250-CBBA7F100435}.Release|ARM.Build.0 = Release|Any CPU
		{81D26E4D-D867-4BE0-A250-CBBA7F100435}.Release|ARM.Deploy.0 = Release|Any CPU
		{81D26E4D-D867-4BE0-A250-CBBA7F100435}.Release|ARM64.ActiveCfg = Release|Any CPU
		{81D26E4D-D867-4BE0-A250-CBBA7F100435}.Release|ARM64.Build.0 = Release|Any CPU
		{81D26E4D-D867-4BE0-A250-CBBA7F100435}.Release|ARM64.Deploy.0 = Release|Any CPU
		{81D26E4D-D867-4BE0-A250-CBBA7F100435}.Release|iPhone.ActiveCfg = Release|Any CPU
		{81D26E4D-D867-4BE0-A250-CBBA7F100435}.Release|iPhone.Build.0 = Release|Any CPU
		{81D26E4D-D867-4BE0-A250-CBBA7F100435}.Release|iPhone.Deploy.0 = Release|Any CPU
		{81D26E4D-D867-4BE0-A250-CBBA7F100435}.Release|iPhoneSimulator.ActiveCfg = Release|Any CPU
		{81D26E4D-D867-4BE0-A250-CBBA7F100435}.Release|iPhoneSimulator.Build.0 = Release|Any CPU
		{81D26E4D-D867-4BE0-A250-CBBA7F100435}.Release|iPhoneSimulator.Deploy.0 = Release|Any CPU
		{81D26E4D-D867-4BE0-A250-CBBA7F100435}.Release|x64.ActiveCfg = Release|Any CPU
		{81D26E4D-D867-4BE0-A250-CBBA7F100435}.Release|x64.Build.0 = Release|Any CPU
		{81D26E4D-D867-4BE0-A250-CBBA7F100435}.Release|x64.Deploy.0 = Release|Any CPU
		{81D26E4D-D867-4BE0-A250-CBBA7F100435}.Release|x86.ActiveCfg = Release|Any CPU
		{81D26E4D-D867-4BE0-A250-CBBA7F100435}.Release|x86.Build.0 = Release|Any CPU
		{81D26E4D-D867-4BE0-A250-CBBA7F100435}.Release|x86.Deploy.0 = Release|Any CPU
		{4F38CA76-A3ED-4A6A-BCD2-2FCFA673DEB5}.Ad-Hoc|Any CPU.ActiveCfg = Debug|iPhoneSimulator
		{4F38CA76-A3ED-4A6A-BCD2-2FCFA673DEB5}.Ad-Hoc|Any CPU.Build.0 = Debug|iPhoneSimulator
		{4F38CA76-A3ED-4A6A-BCD2-2FCFA673DEB5}.Ad-Hoc|ARM.ActiveCfg = Debug|iPhoneSimulator
		{4F38CA76-A3ED-4A6A-BCD2-2FCFA673DEB5}.Ad-Hoc|ARM.Build.0 = Debug|iPhoneSimulator
		{4F38CA76-A3ED-4A6A-BCD2-2FCFA673DEB5}.Ad-Hoc|ARM64.ActiveCfg = Debug|iPhoneSimulator
		{4F38CA76-A3ED-4A6A-BCD2-2FCFA673DEB5}.Ad-Hoc|ARM64.Build.0 = Debug|iPhoneSimulator
		{4F38CA76-A3ED-4A6A-BCD2-2FCFA673DEB5}.Ad-Hoc|iPhone.ActiveCfg = Debug|iPhone
		{4F38CA76-A3ED-4A6A-BCD2-2FCFA673DEB5}.Ad-Hoc|iPhone.Build.0 = Debug|iPhone
		{4F38CA76-A3ED-4A6A-BCD2-2FCFA673DEB5}.Ad-Hoc|iPhoneSimulator.ActiveCfg = Debug|iPhoneSimulator
		{4F38CA76-A3ED-4A6A-BCD2-2FCFA673DEB5}.Ad-Hoc|iPhoneSimulator.Build.0 = Debug|iPhoneSimulator
		{4F38CA76-A3ED-4A6A-BCD2-2FCFA673DEB5}.Ad-Hoc|x64.ActiveCfg = Debug|iPhoneSimulator
		{4F38CA76-A3ED-4A6A-BCD2-2FCFA673DEB5}.Ad-Hoc|x64.Build.0 = Debug|iPhoneSimulator
		{4F38CA76-A3ED-4A6A-BCD2-2FCFA673DEB5}.Ad-Hoc|x86.ActiveCfg = Debug|iPhoneSimulator
		{4F38CA76-A3ED-4A6A-BCD2-2FCFA673DEB5}.Ad-Hoc|x86.Build.0 = Debug|iPhoneSimulator
		{4F38CA76-A3ED-4A6A-BCD2-2FCFA673DEB5}.AppStore|Any CPU.ActiveCfg = Debug|iPhoneSimulator
		{4F38CA76-A3ED-4A6A-BCD2-2FCFA673DEB5}.AppStore|Any CPU.Build.0 = Debug|iPhoneSimulator
		{4F38CA76-A3ED-4A6A-BCD2-2FCFA673DEB5}.AppStore|ARM.ActiveCfg = Debug|iPhoneSimulator
		{4F38CA76-A3ED-4A6A-BCD2-2FCFA673DEB5}.AppStore|ARM.Build.0 = Debug|iPhoneSimulator
		{4F38CA76-A3ED-4A6A-BCD2-2FCFA673DEB5}.AppStore|ARM64.ActiveCfg = Debug|iPhoneSimulator
		{4F38CA76-A3ED-4A6A-BCD2-2FCFA673DEB5}.AppStore|ARM64.Build.0 = Debug|iPhoneSimulator
		{4F38CA76-A3ED-4A6A-BCD2-2FCFA673DEB5}.AppStore|iPhone.ActiveCfg = Debug|iPhone
		{4F38CA76-A3ED-4A6A-BCD2-2FCFA673DEB5}.AppStore|iPhone.Build.0 = Debug|iPhone
		{4F38CA76-A3ED-4A6A-BCD2-2FCFA673DEB5}.AppStore|iPhoneSimulator.ActiveCfg = Debug|iPhoneSimulator
		{4F38CA76-A3ED-4A6A-BCD2-2FCFA673DEB5}.AppStore|iPhoneSimulator.Build.0 = Debug|iPhoneSimulator
		{4F38CA76-A3ED-4A6A-BCD2-2FCFA673DEB5}.AppStore|x64.ActiveCfg = Debug|iPhoneSimulator
		{4F38CA76-A3ED-4A6A-BCD2-2FCFA673DEB5}.AppStore|x64.Build.0 = Debug|iPhoneSimulator
		{4F38CA76-A3ED-4A6A-BCD2-2FCFA673DEB5}.AppStore|x86.ActiveCfg = Debug|iPhoneSimulator
		{4F38CA76-A3ED-4A6A-BCD2-2FCFA673DEB5}.AppStore|x86.Build.0 = Debug|iPhoneSimulator
		{4F38CA76-A3ED-4A6A-BCD2-2FCFA673DEB5}.Debug|Any CPU.ActiveCfg = Debug|iPhoneSimulator
		{4F38CA76-A3ED-4A6A-BCD2-2FCFA673DEB5}.Debug|ARM.ActiveCfg = Debug|iPhoneSimulator
		{4F38CA76-A3ED-4A6A-BCD2-2FCFA673DEB5}.Debug|ARM64.ActiveCfg = Debug|iPhoneSimulator
		{4F38CA76-A3ED-4A6A-BCD2-2FCFA673DEB5}.Debug|iPhone.ActiveCfg = Debug|iPhone
		{4F38CA76-A3ED-4A6A-BCD2-2FCFA673DEB5}.Debug|iPhone.Build.0 = Debug|iPhone
		{4F38CA76-A3ED-4A6A-BCD2-2FCFA673DEB5}.Debug|iPhoneSimulator.ActiveCfg = Debug|iPhoneSimulator
		{4F38CA76-A3ED-4A6A-BCD2-2FCFA673DEB5}.Debug|iPhoneSimulator.Build.0 = Debug|iPhoneSimulator
		{4F38CA76-A3ED-4A6A-BCD2-2FCFA673DEB5}.Debug|x64.ActiveCfg = Debug|iPhoneSimulator
		{4F38CA76-A3ED-4A6A-BCD2-2FCFA673DEB5}.Debug|x86.ActiveCfg = Debug|iPhoneSimulator
		{4F38CA76-A3ED-4A6A-BCD2-2FCFA673DEB5}.Release|Any CPU.ActiveCfg = Release|iPhoneSimulator
		{4F38CA76-A3ED-4A6A-BCD2-2FCFA673DEB5}.Release|ARM.ActiveCfg = Release|iPhoneSimulator
		{4F38CA76-A3ED-4A6A-BCD2-2FCFA673DEB5}.Release|ARM64.ActiveCfg = Release|iPhoneSimulator
		{4F38CA76-A3ED-4A6A-BCD2-2FCFA673DEB5}.Release|iPhone.ActiveCfg = Release|iPhone
		{4F38CA76-A3ED-4A6A-BCD2-2FCFA673DEB5}.Release|iPhone.Build.0 = Release|iPhone
		{4F38CA76-A3ED-4A6A-BCD2-2FCFA673DEB5}.Release|iPhoneSimulator.ActiveCfg = Release|iPhoneSimulator
		{4F38CA76-A3ED-4A6A-BCD2-2FCFA673DEB5}.Release|iPhoneSimulator.Build.0 = Release|iPhoneSimulator
		{4F38CA76-A3ED-4A6A-BCD2-2FCFA673DEB5}.Release|x64.ActiveCfg = Release|iPhoneSimulator
		{4F38CA76-A3ED-4A6A-BCD2-2FCFA673DEB5}.Release|x86.ActiveCfg = Release|iPhoneSimulator
		{81D8F3FA-6870-4771-A465-97D8C61626AF}.Ad-Hoc|Any CPU.ActiveCfg = Debug|Any CPU
		{81D8F3FA-6870-4771-A465-97D8C61626AF}.Ad-Hoc|Any CPU.Build.0 = Debug|Any CPU
		{81D8F3FA-6870-4771-A465-97D8C61626AF}.Ad-Hoc|ARM.ActiveCfg = Debug|Any CPU
		{81D8F3FA-6870-4771-A465-97D8C61626AF}.Ad-Hoc|ARM.Build.0 = Debug|Any CPU
		{81D8F3FA-6870-4771-A465-97D8C61626AF}.Ad-Hoc|ARM64.ActiveCfg = Debug|Any CPU
		{81D8F3FA-6870-4771-A465-97D8C61626AF}.Ad-Hoc|ARM64.Build.0 = Debug|Any CPU
		{81D8F3FA-6870-4771-A465-97D8C61626AF}.Ad-Hoc|iPhone.ActiveCfg = Debug|Any CPU
		{81D8F3FA-6870-4771-A465-97D8C61626AF}.Ad-Hoc|iPhone.Build.0 = Debug|Any CPU
		{81D8F3FA-6870-4771-A465-97D8C61626AF}.Ad-Hoc|iPhoneSimulator.ActiveCfg = Debug|Any CPU
		{81D8F3FA-6870-4771-A465-97D8C61626AF}.Ad-Hoc|iPhoneSimulator.Build.0 = Debug|Any CPU
		{81D8F3FA-6870-4771-A465-97D8C61626AF}.Ad-Hoc|x64.ActiveCfg = Debug|Any CPU
		{81D8F3FA-6870-4771-A465-97D8C61626AF}.Ad-Hoc|x64.Build.0 = Debug|Any CPU
		{81D8F3FA-6870-4771-A465-97D8C61626AF}.Ad-Hoc|x86.ActiveCfg = Debug|Any CPU
		{81D8F3FA-6870-4771-A465-97D8C61626AF}.Ad-Hoc|x86.Build.0 = Debug|Any CPU
		{81D8F3FA-6870-4771-A465-97D8C61626AF}.AppStore|Any CPU.ActiveCfg = Debug|Any CPU
		{81D8F3FA-6870-4771-A465-97D8C61626AF}.AppStore|Any CPU.Build.0 = Debug|Any CPU
		{81D8F3FA-6870-4771-A465-97D8C61626AF}.AppStore|ARM.ActiveCfg = Debug|Any CPU
		{81D8F3FA-6870-4771-A465-97D8C61626AF}.AppStore|ARM.Build.0 = Debug|Any CPU
		{81D8F3FA-6870-4771-A465-97D8C61626AF}.AppStore|ARM64.ActiveCfg = Debug|Any CPU
		{81D8F3FA-6870-4771-A465-97D8C61626AF}.AppStore|ARM64.Build.0 = Debug|Any CPU
		{81D8F3FA-6870-4771-A465-97D8C61626AF}.AppStore|iPhone.ActiveCfg = Debug|Any CPU
		{81D8F3FA-6870-4771-A465-97D8C61626AF}.AppStore|iPhone.Build.0 = Debug|Any CPU
		{81D8F3FA-6870-4771-A465-97D8C61626AF}.AppStore|iPhoneSimulator.ActiveCfg = Debug|Any CPU
		{81D8F3FA-6870-4771-A465-97D8C61626AF}.AppStore|iPhoneSimulator.Build.0 = Debug|Any CPU
		{81D8F3FA-6870-4771-A465-97D8C61626AF}.AppStore|x64.ActiveCfg = Debug|Any CPU
		{81D8F3FA-6870-4771-A465-97D8C61626AF}.AppStore|x64.Build.0 = Debug|Any CPU
		{81D8F3FA-6870-4771-A465-97D8C61626AF}.AppStore|x86.ActiveCfg = Debug|Any CPU
		{81D8F3FA-6870-4771-A465-97D8C61626AF}.AppStore|x86.Build.0 = Debug|Any CPU
		{81D8F3FA-6870-4771-A465-97D8C61626AF}.Debug|Any CPU.ActiveCfg = Debug|Any CPU
		{81D8F3FA-6870-4771-A465-97D8C61626AF}.Debug|Any CPU.Build.0 = Debug|Any CPU
		{81D8F3FA-6870-4771-A465-97D8C61626AF}.Debug|ARM.ActiveCfg = Debug|Any CPU
		{81D8F3FA-6870-4771-A465-97D8C61626AF}.Debug|ARM.Build.0 = Debug|Any CPU
		{81D8F3FA-6870-4771-A465-97D8C61626AF}.Debug|ARM64.ActiveCfg = Debug|Any CPU
		{81D8F3FA-6870-4771-A465-97D8C61626AF}.Debug|ARM64.Build.0 = Debug|Any CPU
		{81D8F3FA-6870-4771-A465-97D8C61626AF}.Debug|iPhone.ActiveCfg = Debug|Any CPU
		{81D8F3FA-6870-4771-A465-97D8C61626AF}.Debug|iPhone.Build.0 = Debug|Any CPU
		{81D8F3FA-6870-4771-A465-97D8C61626AF}.Debug|iPhoneSimulator.ActiveCfg = Debug|Any CPU
		{81D8F3FA-6870-4771-A465-97D8C61626AF}.Debug|iPhoneSimulator.Build.0 = Debug|Any CPU
		{81D8F3FA-6870-4771-A465-97D8C61626AF}.Debug|x64.ActiveCfg = Debug|Any CPU
		{81D8F3FA-6870-4771-A465-97D8C61626AF}.Debug|x64.Build.0 = Debug|Any CPU
		{81D8F3FA-6870-4771-A465-97D8C61626AF}.Debug|x86.ActiveCfg = Debug|Any CPU
		{81D8F3FA-6870-4771-A465-97D8C61626AF}.Debug|x86.Build.0 = Debug|Any CPU
		{81D8F3FA-6870-4771-A465-97D8C61626AF}.Release|Any CPU.ActiveCfg = Release|Any CPU
		{81D8F3FA-6870-4771-A465-97D8C61626AF}.Release|Any CPU.Build.0 = Release|Any CPU
		{81D8F3FA-6870-4771-A465-97D8C61626AF}.Release|ARM.ActiveCfg = Release|Any CPU
		{81D8F3FA-6870-4771-A465-97D8C61626AF}.Release|ARM.Build.0 = Release|Any CPU
		{81D8F3FA-6870-4771-A465-97D8C61626AF}.Release|ARM64.ActiveCfg = Release|Any CPU
		{81D8F3FA-6870-4771-A465-97D8C61626AF}.Release|ARM64.Build.0 = Release|Any CPU
		{81D8F3FA-6870-4771-A465-97D8C61626AF}.Release|iPhone.ActiveCfg = Release|Any CPU
		{81D8F3FA-6870-4771-A465-97D8C61626AF}.Release|iPhone.Build.0 = Release|Any CPU
		{81D8F3FA-6870-4771-A465-97D8C61626AF}.Release|iPhoneSimulator.ActiveCfg = Release|Any CPU
		{81D8F3FA-6870-4771-A465-97D8C61626AF}.Release|iPhoneSimulator.Build.0 = Release|Any CPU
		{81D8F3FA-6870-4771-A465-97D8C61626AF}.Release|x64.ActiveCfg = Release|Any CPU
		{81D8F3FA-6870-4771-A465-97D8C61626AF}.Release|x64.Build.0 = Release|Any CPU
		{81D8F3FA-6870-4771-A465-97D8C61626AF}.Release|x86.ActiveCfg = Release|Any CPU
		{81D8F3FA-6870-4771-A465-97D8C61626AF}.Release|x86.Build.0 = Release|Any CPU
		{5E7F91FB-16A7-4873-B413-52E39079C4FA}.Ad-Hoc|Any CPU.ActiveCfg = Debug|Any CPU
		{5E7F91FB-16A7-4873-B413-52E39079C4FA}.Ad-Hoc|Any CPU.Build.0 = Debug|Any CPU
		{5E7F91FB-16A7-4873-B413-52E39079C4FA}.Ad-Hoc|ARM.ActiveCfg = Debug|Any CPU
		{5E7F91FB-16A7-4873-B413-52E39079C4FA}.Ad-Hoc|ARM.Build.0 = Debug|Any CPU
		{5E7F91FB-16A7-4873-B413-52E39079C4FA}.Ad-Hoc|ARM64.ActiveCfg = Debug|Any CPU
		{5E7F91FB-16A7-4873-B413-52E39079C4FA}.Ad-Hoc|ARM64.Build.0 = Debug|Any CPU
		{5E7F91FB-16A7-4873-B413-52E39079C4FA}.Ad-Hoc|iPhone.ActiveCfg = Debug|Any CPU
		{5E7F91FB-16A7-4873-B413-52E39079C4FA}.Ad-Hoc|iPhone.Build.0 = Debug|Any CPU
		{5E7F91FB-16A7-4873-B413-52E39079C4FA}.Ad-Hoc|iPhoneSimulator.ActiveCfg = Debug|Any CPU
		{5E7F91FB-16A7-4873-B413-52E39079C4FA}.Ad-Hoc|iPhoneSimulator.Build.0 = Debug|Any CPU
		{5E7F91FB-16A7-4873-B413-52E39079C4FA}.Ad-Hoc|x64.ActiveCfg = Debug|Any CPU
		{5E7F91FB-16A7-4873-B413-52E39079C4FA}.Ad-Hoc|x64.Build.0 = Debug|Any CPU
		{5E7F91FB-16A7-4873-B413-52E39079C4FA}.Ad-Hoc|x86.ActiveCfg = Debug|Any CPU
		{5E7F91FB-16A7-4873-B413-52E39079C4FA}.Ad-Hoc|x86.Build.0 = Debug|Any CPU
		{5E7F91FB-16A7-4873-B413-52E39079C4FA}.AppStore|Any CPU.ActiveCfg = Debug|Any CPU
		{5E7F91FB-16A7-4873-B413-52E39079C4FA}.AppStore|Any CPU.Build.0 = Debug|Any CPU
		{5E7F91FB-16A7-4873-B413-52E39079C4FA}.AppStore|ARM.ActiveCfg = Debug|Any CPU
		{5E7F91FB-16A7-4873-B413-52E39079C4FA}.AppStore|ARM.Build.0 = Debug|Any CPU
		{5E7F91FB-16A7-4873-B413-52E39079C4FA}.AppStore|ARM64.ActiveCfg = Debug|Any CPU
		{5E7F91FB-16A7-4873-B413-52E39079C4FA}.AppStore|ARM64.Build.0 = Debug|Any CPU
		{5E7F91FB-16A7-4873-B413-52E39079C4FA}.AppStore|iPhone.ActiveCfg = Debug|Any CPU
		{5E7F91FB-16A7-4873-B413-52E39079C4FA}.AppStore|iPhone.Build.0 = Debug|Any CPU
		{5E7F91FB-16A7-4873-B413-52E39079C4FA}.AppStore|iPhoneSimulator.ActiveCfg = Debug|Any CPU
		{5E7F91FB-16A7-4873-B413-52E39079C4FA}.AppStore|iPhoneSimulator.Build.0 = Debug|Any CPU
		{5E7F91FB-16A7-4873-B413-52E39079C4FA}.AppStore|x64.ActiveCfg = Debug|Any CPU
		{5E7F91FB-16A7-4873-B413-52E39079C4FA}.AppStore|x64.Build.0 = Debug|Any CPU
		{5E7F91FB-16A7-4873-B413-52E39079C4FA}.AppStore|x86.ActiveCfg = Debug|Any CPU
		{5E7F91FB-16A7-4873-B413-52E39079C4FA}.AppStore|x86.Build.0 = Debug|Any CPU
		{5E7F91FB-16A7-4873-B413-52E39079C4FA}.Debug|Any CPU.ActiveCfg = Debug|Any CPU
		{5E7F91FB-16A7-4873-B413-52E39079C4FA}.Debug|Any CPU.Build.0 = Debug|Any CPU
		{5E7F91FB-16A7-4873-B413-52E39079C4FA}.Debug|ARM.ActiveCfg = Debug|Any CPU
		{5E7F91FB-16A7-4873-B413-52E39079C4FA}.Debug|ARM.Build.0 = Debug|Any CPU
		{5E7F91FB-16A7-4873-B413-52E39079C4FA}.Debug|ARM64.ActiveCfg = Debug|Any CPU
		{5E7F91FB-16A7-4873-B413-52E39079C4FA}.Debug|ARM64.Build.0 = Debug|Any CPU
		{5E7F91FB-16A7-4873-B413-52E39079C4FA}.Debug|iPhone.ActiveCfg = Debug|Any CPU
		{5E7F91FB-16A7-4873-B413-52E39079C4FA}.Debug|iPhone.Build.0 = Debug|Any CPU
		{5E7F91FB-16A7-4873-B413-52E39079C4FA}.Debug|iPhoneSimulator.ActiveCfg = Debug|Any CPU
		{5E7F91FB-16A7-4873-B413-52E39079C4FA}.Debug|iPhoneSimulator.Build.0 = Debug|Any CPU
		{5E7F91FB-16A7-4873-B413-52E39079C4FA}.Debug|x64.ActiveCfg = Debug|Any CPU
		{5E7F91FB-16A7-4873-B413-52E39079C4FA}.Debug|x64.Build.0 = Debug|Any CPU
		{5E7F91FB-16A7-4873-B413-52E39079C4FA}.Debug|x86.ActiveCfg = Debug|Any CPU
		{5E7F91FB-16A7-4873-B413-52E39079C4FA}.Debug|x86.Build.0 = Debug|Any CPU
		{5E7F91FB-16A7-4873-B413-52E39079C4FA}.Release|Any CPU.ActiveCfg = Release|Any CPU
		{5E7F91FB-16A7-4873-B413-52E39079C4FA}.Release|Any CPU.Build.0 = Release|Any CPU
		{5E7F91FB-16A7-4873-B413-52E39079C4FA}.Release|ARM.ActiveCfg = Release|Any CPU
		{5E7F91FB-16A7-4873-B413-52E39079C4FA}.Release|ARM.Build.0 = Release|Any CPU
		{5E7F91FB-16A7-4873-B413-52E39079C4FA}.Release|ARM64.ActiveCfg = Release|Any CPU
		{5E7F91FB-16A7-4873-B413-52E39079C4FA}.Release|ARM64.Build.0 = Release|Any CPU
		{5E7F91FB-16A7-4873-B413-52E39079C4FA}.Release|iPhone.ActiveCfg = Release|Any CPU
		{5E7F91FB-16A7-4873-B413-52E39079C4FA}.Release|iPhone.Build.0 = Release|Any CPU
		{5E7F91FB-16A7-4873-B413-52E39079C4FA}.Release|iPhoneSimulator.ActiveCfg = Release|Any CPU
		{5E7F91FB-16A7-4873-B413-52E39079C4FA}.Release|iPhoneSimulator.Build.0 = Release|Any CPU
		{5E7F91FB-16A7-4873-B413-52E39079C4FA}.Release|x64.ActiveCfg = Release|Any CPU
		{5E7F91FB-16A7-4873-B413-52E39079C4FA}.Release|x64.Build.0 = Release|Any CPU
		{5E7F91FB-16A7-4873-B413-52E39079C4FA}.Release|x86.ActiveCfg = Release|Any CPU
		{5E7F91FB-16A7-4873-B413-52E39079C4FA}.Release|x86.Build.0 = Release|Any CPU
		{766F2C1D-925E-4F5D-99FD-DE8629C6A766}.Ad-Hoc|Any CPU.ActiveCfg = Debug|Any CPU
		{766F2C1D-925E-4F5D-99FD-DE8629C6A766}.Ad-Hoc|Any CPU.Build.0 = Debug|Any CPU
		{766F2C1D-925E-4F5D-99FD-DE8629C6A766}.Ad-Hoc|ARM.ActiveCfg = Debug|Any CPU
		{766F2C1D-925E-4F5D-99FD-DE8629C6A766}.Ad-Hoc|ARM.Build.0 = Debug|Any CPU
		{766F2C1D-925E-4F5D-99FD-DE8629C6A766}.Ad-Hoc|ARM64.ActiveCfg = Debug|Any CPU
		{766F2C1D-925E-4F5D-99FD-DE8629C6A766}.Ad-Hoc|ARM64.Build.0 = Debug|Any CPU
		{766F2C1D-925E-4F5D-99FD-DE8629C6A766}.Ad-Hoc|iPhone.ActiveCfg = Debug|Any CPU
		{766F2C1D-925E-4F5D-99FD-DE8629C6A766}.Ad-Hoc|iPhone.Build.0 = Debug|Any CPU
		{766F2C1D-925E-4F5D-99FD-DE8629C6A766}.Ad-Hoc|iPhoneSimulator.ActiveCfg = Debug|Any CPU
		{766F2C1D-925E-4F5D-99FD-DE8629C6A766}.Ad-Hoc|iPhoneSimulator.Build.0 = Debug|Any CPU
		{766F2C1D-925E-4F5D-99FD-DE8629C6A766}.Ad-Hoc|x64.ActiveCfg = Debug|Any CPU
		{766F2C1D-925E-4F5D-99FD-DE8629C6A766}.Ad-Hoc|x64.Build.0 = Debug|Any CPU
		{766F2C1D-925E-4F5D-99FD-DE8629C6A766}.Ad-Hoc|x86.ActiveCfg = Debug|Any CPU
		{766F2C1D-925E-4F5D-99FD-DE8629C6A766}.Ad-Hoc|x86.Build.0 = Debug|Any CPU
		{766F2C1D-925E-4F5D-99FD-DE8629C6A766}.AppStore|Any CPU.ActiveCfg = Debug|Any CPU
		{766F2C1D-925E-4F5D-99FD-DE8629C6A766}.AppStore|Any CPU.Build.0 = Debug|Any CPU
		{766F2C1D-925E-4F5D-99FD-DE8629C6A766}.AppStore|ARM.ActiveCfg = Debug|Any CPU
		{766F2C1D-925E-4F5D-99FD-DE8629C6A766}.AppStore|ARM.Build.0 = Debug|Any CPU
		{766F2C1D-925E-4F5D-99FD-DE8629C6A766}.AppStore|ARM64.ActiveCfg = Debug|Any CPU
		{766F2C1D-925E-4F5D-99FD-DE8629C6A766}.AppStore|ARM64.Build.0 = Debug|Any CPU
		{766F2C1D-925E-4F5D-99FD-DE8629C6A766}.AppStore|iPhone.ActiveCfg = Debug|Any CPU
		{766F2C1D-925E-4F5D-99FD-DE8629C6A766}.AppStore|iPhone.Build.0 = Debug|Any CPU
		{766F2C1D-925E-4F5D-99FD-DE8629C6A766}.AppStore|iPhoneSimulator.ActiveCfg = Debug|Any CPU
		{766F2C1D-925E-4F5D-99FD-DE8629C6A766}.AppStore|iPhoneSimulator.Build.0 = Debug|Any CPU
		{766F2C1D-925E-4F5D-99FD-DE8629C6A766}.AppStore|x64.ActiveCfg = Debug|Any CPU
		{766F2C1D-925E-4F5D-99FD-DE8629C6A766}.AppStore|x64.Build.0 = Debug|Any CPU
		{766F2C1D-925E-4F5D-99FD-DE8629C6A766}.AppStore|x86.ActiveCfg = Debug|Any CPU
		{766F2C1D-925E-4F5D-99FD-DE8629C6A766}.AppStore|x86.Build.0 = Debug|Any CPU
		{766F2C1D-925E-4F5D-99FD-DE8629C6A766}.Debug|Any CPU.ActiveCfg = Debug|Any CPU
		{766F2C1D-925E-4F5D-99FD-DE8629C6A766}.Debug|Any CPU.Build.0 = Debug|Any CPU
		{766F2C1D-925E-4F5D-99FD-DE8629C6A766}.Debug|ARM.ActiveCfg = Debug|Any CPU
		{766F2C1D-925E-4F5D-99FD-DE8629C6A766}.Debug|ARM.Build.0 = Debug|Any CPU
		{766F2C1D-925E-4F5D-99FD-DE8629C6A766}.Debug|ARM64.ActiveCfg = Debug|Any CPU
		{766F2C1D-925E-4F5D-99FD-DE8629C6A766}.Debug|ARM64.Build.0 = Debug|Any CPU
		{766F2C1D-925E-4F5D-99FD-DE8629C6A766}.Debug|iPhone.ActiveCfg = Debug|Any CPU
		{766F2C1D-925E-4F5D-99FD-DE8629C6A766}.Debug|iPhone.Build.0 = Debug|Any CPU
		{766F2C1D-925E-4F5D-99FD-DE8629C6A766}.Debug|iPhoneSimulator.ActiveCfg = Debug|Any CPU
		{766F2C1D-925E-4F5D-99FD-DE8629C6A766}.Debug|iPhoneSimulator.Build.0 = Debug|Any CPU
		{766F2C1D-925E-4F5D-99FD-DE8629C6A766}.Debug|x64.ActiveCfg = Debug|Any CPU
		{766F2C1D-925E-4F5D-99FD-DE8629C6A766}.Debug|x64.Build.0 = Debug|Any CPU
		{766F2C1D-925E-4F5D-99FD-DE8629C6A766}.Debug|x86.ActiveCfg = Debug|Any CPU
		{766F2C1D-925E-4F5D-99FD-DE8629C6A766}.Debug|x86.Build.0 = Debug|Any CPU
		{766F2C1D-925E-4F5D-99FD-DE8629C6A766}.Release|Any CPU.ActiveCfg = Release|Any CPU
		{766F2C1D-925E-4F5D-99FD-DE8629C6A766}.Release|Any CPU.Build.0 = Release|Any CPU
		{766F2C1D-925E-4F5D-99FD-DE8629C6A766}.Release|ARM.ActiveCfg = Release|Any CPU
		{766F2C1D-925E-4F5D-99FD-DE8629C6A766}.Release|ARM.Build.0 = Release|Any CPU
		{766F2C1D-925E-4F5D-99FD-DE8629C6A766}.Release|ARM64.ActiveCfg = Release|Any CPU
		{766F2C1D-925E-4F5D-99FD-DE8629C6A766}.Release|ARM64.Build.0 = Release|Any CPU
		{766F2C1D-925E-4F5D-99FD-DE8629C6A766}.Release|iPhone.ActiveCfg = Release|Any CPU
		{766F2C1D-925E-4F5D-99FD-DE8629C6A766}.Release|iPhone.Build.0 = Release|Any CPU
		{766F2C1D-925E-4F5D-99FD-DE8629C6A766}.Release|iPhoneSimulator.ActiveCfg = Release|Any CPU
		{766F2C1D-925E-4F5D-99FD-DE8629C6A766}.Release|iPhoneSimulator.Build.0 = Release|Any CPU
		{766F2C1D-925E-4F5D-99FD-DE8629C6A766}.Release|x64.ActiveCfg = Release|Any CPU
		{766F2C1D-925E-4F5D-99FD-DE8629C6A766}.Release|x64.Build.0 = Release|Any CPU
		{766F2C1D-925E-4F5D-99FD-DE8629C6A766}.Release|x86.ActiveCfg = Release|Any CPU
		{766F2C1D-925E-4F5D-99FD-DE8629C6A766}.Release|x86.Build.0 = Release|Any CPU
		{953A2180-F39D-499D-838B-5AD9A9FBEAE7}.Ad-Hoc|Any CPU.ActiveCfg = Debug|Any CPU
		{953A2180-F39D-499D-838B-5AD9A9FBEAE7}.Ad-Hoc|Any CPU.Build.0 = Debug|Any CPU
		{953A2180-F39D-499D-838B-5AD9A9FBEAE7}.Ad-Hoc|ARM.ActiveCfg = Debug|Any CPU
		{953A2180-F39D-499D-838B-5AD9A9FBEAE7}.Ad-Hoc|ARM.Build.0 = Debug|Any CPU
		{953A2180-F39D-499D-838B-5AD9A9FBEAE7}.Ad-Hoc|ARM64.ActiveCfg = Debug|Any CPU
		{953A2180-F39D-499D-838B-5AD9A9FBEAE7}.Ad-Hoc|ARM64.Build.0 = Debug|Any CPU
		{953A2180-F39D-499D-838B-5AD9A9FBEAE7}.Ad-Hoc|iPhone.ActiveCfg = Debug|Any CPU
		{953A2180-F39D-499D-838B-5AD9A9FBEAE7}.Ad-Hoc|iPhone.Build.0 = Debug|Any CPU
		{953A2180-F39D-499D-838B-5AD9A9FBEAE7}.Ad-Hoc|iPhoneSimulator.ActiveCfg = Debug|Any CPU
		{953A2180-F39D-499D-838B-5AD9A9FBEAE7}.Ad-Hoc|iPhoneSimulator.Build.0 = Debug|Any CPU
		{953A2180-F39D-499D-838B-5AD9A9FBEAE7}.Ad-Hoc|x64.ActiveCfg = Debug|Any CPU
		{953A2180-F39D-499D-838B-5AD9A9FBEAE7}.Ad-Hoc|x64.Build.0 = Debug|Any CPU
		{953A2180-F39D-499D-838B-5AD9A9FBEAE7}.Ad-Hoc|x86.ActiveCfg = Debug|Any CPU
		{953A2180-F39D-499D-838B-5AD9A9FBEAE7}.Ad-Hoc|x86.Build.0 = Debug|Any CPU
		{953A2180-F39D-499D-838B-5AD9A9FBEAE7}.AppStore|Any CPU.ActiveCfg = Debug|Any CPU
		{953A2180-F39D-499D-838B-5AD9A9FBEAE7}.AppStore|Any CPU.Build.0 = Debug|Any CPU
		{953A2180-F39D-499D-838B-5AD9A9FBEAE7}.AppStore|ARM.ActiveCfg = Debug|Any CPU
		{953A2180-F39D-499D-838B-5AD9A9FBEAE7}.AppStore|ARM.Build.0 = Debug|Any CPU
		{953A2180-F39D-499D-838B-5AD9A9FBEAE7}.AppStore|ARM64.ActiveCfg = Debug|Any CPU
		{953A2180-F39D-499D-838B-5AD9A9FBEAE7}.AppStore|ARM64.Build.0 = Debug|Any CPU
		{953A2180-F39D-499D-838B-5AD9A9FBEAE7}.AppStore|iPhone.ActiveCfg = Debug|Any CPU
		{953A2180-F39D-499D-838B-5AD9A9FBEAE7}.AppStore|iPhone.Build.0 = Debug|Any CPU
		{953A2180-F39D-499D-838B-5AD9A9FBEAE7}.AppStore|iPhoneSimulator.ActiveCfg = Debug|Any CPU
		{953A2180-F39D-499D-838B-5AD9A9FBEAE7}.AppStore|iPhoneSimulator.Build.0 = Debug|Any CPU
		{953A2180-F39D-499D-838B-5AD9A9FBEAE7}.AppStore|x64.ActiveCfg = Debug|Any CPU
		{953A2180-F39D-499D-838B-5AD9A9FBEAE7}.AppStore|x64.Build.0 = Debug|Any CPU
		{953A2180-F39D-499D-838B-5AD9A9FBEAE7}.AppStore|x86.ActiveCfg = Debug|Any CPU
		{953A2180-F39D-499D-838B-5AD9A9FBEAE7}.AppStore|x86.Build.0 = Debug|Any CPU
		{953A2180-F39D-499D-838B-5AD9A9FBEAE7}.Debug|Any CPU.ActiveCfg = Debug|Any CPU
		{953A2180-F39D-499D-838B-5AD9A9FBEAE7}.Debug|Any CPU.Build.0 = Debug|Any CPU
		{953A2180-F39D-499D-838B-5AD9A9FBEAE7}.Debug|ARM.ActiveCfg = Debug|Any CPU
		{953A2180-F39D-499D-838B-5AD9A9FBEAE7}.Debug|ARM.Build.0 = Debug|Any CPU
		{953A2180-F39D-499D-838B-5AD9A9FBEAE7}.Debug|ARM64.ActiveCfg = Debug|Any CPU
		{953A2180-F39D-499D-838B-5AD9A9FBEAE7}.Debug|ARM64.Build.0 = Debug|Any CPU
		{953A2180-F39D-499D-838B-5AD9A9FBEAE7}.Debug|iPhone.ActiveCfg = Debug|Any CPU
		{953A2180-F39D-499D-838B-5AD9A9FBEAE7}.Debug|iPhone.Build.0 = Debug|Any CPU
		{953A2180-F39D-499D-838B-5AD9A9FBEAE7}.Debug|iPhoneSimulator.ActiveCfg = Debug|Any CPU
		{953A2180-F39D-499D-838B-5AD9A9FBEAE7}.Debug|iPhoneSimulator.Build.0 = Debug|Any CPU
		{953A2180-F39D-499D-838B-5AD9A9FBEAE7}.Debug|x64.ActiveCfg = Debug|Any CPU
		{953A2180-F39D-499D-838B-5AD9A9FBEAE7}.Debug|x64.Build.0 = Debug|Any CPU
		{953A2180-F39D-499D-838B-5AD9A9FBEAE7}.Debug|x86.ActiveCfg = Debug|Any CPU
		{953A2180-F39D-499D-838B-5AD9A9FBEAE7}.Debug|x86.Build.0 = Debug|Any CPU
		{953A2180-F39D-499D-838B-5AD9A9FBEAE7}.Release|Any CPU.ActiveCfg = Release|Any CPU
		{953A2180-F39D-499D-838B-5AD9A9FBEAE7}.Release|Any CPU.Build.0 = Release|Any CPU
		{953A2180-F39D-499D-838B-5AD9A9FBEAE7}.Release|ARM.ActiveCfg = Release|Any CPU
		{953A2180-F39D-499D-838B-5AD9A9FBEAE7}.Release|ARM.Build.0 = Release|Any CPU
		{953A2180-F39D-499D-838B-5AD9A9FBEAE7}.Release|ARM64.ActiveCfg = Release|Any CPU
		{953A2180-F39D-499D-838B-5AD9A9FBEAE7}.Release|ARM64.Build.0 = Release|Any CPU
		{953A2180-F39D-499D-838B-5AD9A9FBEAE7}.Release|iPhone.ActiveCfg = Release|Any CPU
		{953A2180-F39D-499D-838B-5AD9A9FBEAE7}.Release|iPhone.Build.0 = Release|Any CPU
		{953A2180-F39D-499D-838B-5AD9A9FBEAE7}.Release|iPhoneSimulator.ActiveCfg = Release|Any CPU
		{953A2180-F39D-499D-838B-5AD9A9FBEAE7}.Release|iPhoneSimulator.Build.0 = Release|Any CPU
		{953A2180-F39D-499D-838B-5AD9A9FBEAE7}.Release|x64.ActiveCfg = Release|Any CPU
		{953A2180-F39D-499D-838B-5AD9A9FBEAE7}.Release|x64.Build.0 = Release|Any CPU
		{953A2180-F39D-499D-838B-5AD9A9FBEAE7}.Release|x86.ActiveCfg = Release|Any CPU
		{953A2180-F39D-499D-838B-5AD9A9FBEAE7}.Release|x86.Build.0 = Release|Any CPU
		{875610FC-3E55-4DA6-9BCA-7B6101A76C70}.Ad-Hoc|Any CPU.ActiveCfg = Debug|Any CPU
		{875610FC-3E55-4DA6-9BCA-7B6101A76C70}.Ad-Hoc|Any CPU.Build.0 = Debug|Any CPU
		{875610FC-3E55-4DA6-9BCA-7B6101A76C70}.Ad-Hoc|Any CPU.Deploy.0 = Debug|Any CPU
		{875610FC-3E55-4DA6-9BCA-7B6101A76C70}.Ad-Hoc|ARM.ActiveCfg = Debug|Any CPU
		{875610FC-3E55-4DA6-9BCA-7B6101A76C70}.Ad-Hoc|ARM.Build.0 = Debug|Any CPU
		{875610FC-3E55-4DA6-9BCA-7B6101A76C70}.Ad-Hoc|ARM.Deploy.0 = Debug|Any CPU
		{875610FC-3E55-4DA6-9BCA-7B6101A76C70}.Ad-Hoc|ARM64.ActiveCfg = Debug|Any CPU
		{875610FC-3E55-4DA6-9BCA-7B6101A76C70}.Ad-Hoc|ARM64.Build.0 = Debug|Any CPU
		{875610FC-3E55-4DA6-9BCA-7B6101A76C70}.Ad-Hoc|ARM64.Deploy.0 = Debug|Any CPU
		{875610FC-3E55-4DA6-9BCA-7B6101A76C70}.Ad-Hoc|iPhone.ActiveCfg = Debug|Any CPU
		{875610FC-3E55-4DA6-9BCA-7B6101A76C70}.Ad-Hoc|iPhone.Build.0 = Debug|Any CPU
		{875610FC-3E55-4DA6-9BCA-7B6101A76C70}.Ad-Hoc|iPhone.Deploy.0 = Debug|Any CPU
		{875610FC-3E55-4DA6-9BCA-7B6101A76C70}.Ad-Hoc|iPhoneSimulator.ActiveCfg = Debug|Any CPU
		{875610FC-3E55-4DA6-9BCA-7B6101A76C70}.Ad-Hoc|iPhoneSimulator.Build.0 = Debug|Any CPU
		{875610FC-3E55-4DA6-9BCA-7B6101A76C70}.Ad-Hoc|iPhoneSimulator.Deploy.0 = Debug|Any CPU
		{875610FC-3E55-4DA6-9BCA-7B6101A76C70}.Ad-Hoc|x64.ActiveCfg = Debug|Any CPU
		{875610FC-3E55-4DA6-9BCA-7B6101A76C70}.Ad-Hoc|x64.Build.0 = Debug|Any CPU
		{875610FC-3E55-4DA6-9BCA-7B6101A76C70}.Ad-Hoc|x64.Deploy.0 = Debug|Any CPU
		{875610FC-3E55-4DA6-9BCA-7B6101A76C70}.Ad-Hoc|x86.ActiveCfg = Debug|Any CPU
		{875610FC-3E55-4DA6-9BCA-7B6101A76C70}.Ad-Hoc|x86.Build.0 = Debug|Any CPU
		{875610FC-3E55-4DA6-9BCA-7B6101A76C70}.Ad-Hoc|x86.Deploy.0 = Debug|Any CPU
		{875610FC-3E55-4DA6-9BCA-7B6101A76C70}.AppStore|Any CPU.ActiveCfg = Debug|Any CPU
		{875610FC-3E55-4DA6-9BCA-7B6101A76C70}.AppStore|Any CPU.Build.0 = Debug|Any CPU
		{875610FC-3E55-4DA6-9BCA-7B6101A76C70}.AppStore|Any CPU.Deploy.0 = Debug|Any CPU
		{875610FC-3E55-4DA6-9BCA-7B6101A76C70}.AppStore|ARM.ActiveCfg = Debug|Any CPU
		{875610FC-3E55-4DA6-9BCA-7B6101A76C70}.AppStore|ARM.Build.0 = Debug|Any CPU
		{875610FC-3E55-4DA6-9BCA-7B6101A76C70}.AppStore|ARM.Deploy.0 = Debug|Any CPU
		{875610FC-3E55-4DA6-9BCA-7B6101A76C70}.AppStore|ARM64.ActiveCfg = Debug|Any CPU
		{875610FC-3E55-4DA6-9BCA-7B6101A76C70}.AppStore|ARM64.Build.0 = Debug|Any CPU
		{875610FC-3E55-4DA6-9BCA-7B6101A76C70}.AppStore|ARM64.Deploy.0 = Debug|Any CPU
		{875610FC-3E55-4DA6-9BCA-7B6101A76C70}.AppStore|iPhone.ActiveCfg = Debug|Any CPU
		{875610FC-3E55-4DA6-9BCA-7B6101A76C70}.AppStore|iPhone.Build.0 = Debug|Any CPU
		{875610FC-3E55-4DA6-9BCA-7B6101A76C70}.AppStore|iPhone.Deploy.0 = Debug|Any CPU
		{875610FC-3E55-4DA6-9BCA-7B6101A76C70}.AppStore|iPhoneSimulator.ActiveCfg = Debug|Any CPU
		{875610FC-3E55-4DA6-9BCA-7B6101A76C70}.AppStore|iPhoneSimulator.Build.0 = Debug|Any CPU
		{875610FC-3E55-4DA6-9BCA-7B6101A76C70}.AppStore|iPhoneSimulator.Deploy.0 = Debug|Any CPU
		{875610FC-3E55-4DA6-9BCA-7B6101A76C70}.AppStore|x64.ActiveCfg = Debug|Any CPU
		{875610FC-3E55-4DA6-9BCA-7B6101A76C70}.AppStore|x64.Build.0 = Debug|Any CPU
		{875610FC-3E55-4DA6-9BCA-7B6101A76C70}.AppStore|x64.Deploy.0 = Debug|Any CPU
		{875610FC-3E55-4DA6-9BCA-7B6101A76C70}.AppStore|x86.ActiveCfg = Debug|Any CPU
		{875610FC-3E55-4DA6-9BCA-7B6101A76C70}.AppStore|x86.Build.0 = Debug|Any CPU
		{875610FC-3E55-4DA6-9BCA-7B6101A76C70}.AppStore|x86.Deploy.0 = Debug|Any CPU
		{875610FC-3E55-4DA6-9BCA-7B6101A76C70}.Debug|Any CPU.ActiveCfg = Debug|Any CPU
		{875610FC-3E55-4DA6-9BCA-7B6101A76C70}.Debug|Any CPU.Build.0 = Debug|Any CPU
		{875610FC-3E55-4DA6-9BCA-7B6101A76C70}.Debug|Any CPU.Deploy.0 = Debug|Any CPU
		{875610FC-3E55-4DA6-9BCA-7B6101A76C70}.Debug|ARM.ActiveCfg = Debug|Any CPU
		{875610FC-3E55-4DA6-9BCA-7B6101A76C70}.Debug|ARM.Build.0 = Debug|Any CPU
		{875610FC-3E55-4DA6-9BCA-7B6101A76C70}.Debug|ARM.Deploy.0 = Debug|Any CPU
		{875610FC-3E55-4DA6-9BCA-7B6101A76C70}.Debug|ARM64.ActiveCfg = Debug|Any CPU
		{875610FC-3E55-4DA6-9BCA-7B6101A76C70}.Debug|ARM64.Build.0 = Debug|Any CPU
		{875610FC-3E55-4DA6-9BCA-7B6101A76C70}.Debug|ARM64.Deploy.0 = Debug|Any CPU
		{875610FC-3E55-4DA6-9BCA-7B6101A76C70}.Debug|iPhone.ActiveCfg = Debug|Any CPU
		{875610FC-3E55-4DA6-9BCA-7B6101A76C70}.Debug|iPhone.Build.0 = Debug|Any CPU
		{875610FC-3E55-4DA6-9BCA-7B6101A76C70}.Debug|iPhone.Deploy.0 = Debug|Any CPU
		{875610FC-3E55-4DA6-9BCA-7B6101A76C70}.Debug|iPhoneSimulator.ActiveCfg = Debug|Any CPU
		{875610FC-3E55-4DA6-9BCA-7B6101A76C70}.Debug|iPhoneSimulator.Build.0 = Debug|Any CPU
		{875610FC-3E55-4DA6-9BCA-7B6101A76C70}.Debug|iPhoneSimulator.Deploy.0 = Debug|Any CPU
		{875610FC-3E55-4DA6-9BCA-7B6101A76C70}.Debug|x64.ActiveCfg = Debug|Any CPU
		{875610FC-3E55-4DA6-9BCA-7B6101A76C70}.Debug|x64.Build.0 = Debug|Any CPU
		{875610FC-3E55-4DA6-9BCA-7B6101A76C70}.Debug|x64.Deploy.0 = Debug|Any CPU
		{875610FC-3E55-4DA6-9BCA-7B6101A76C70}.Debug|x86.ActiveCfg = Debug|Any CPU
		{875610FC-3E55-4DA6-9BCA-7B6101A76C70}.Debug|x86.Build.0 = Debug|Any CPU
		{875610FC-3E55-4DA6-9BCA-7B6101A76C70}.Debug|x86.Deploy.0 = Debug|Any CPU
		{875610FC-3E55-4DA6-9BCA-7B6101A76C70}.Release|Any CPU.ActiveCfg = Release|Any CPU
		{875610FC-3E55-4DA6-9BCA-7B6101A76C70}.Release|Any CPU.Build.0 = Release|Any CPU
		{875610FC-3E55-4DA6-9BCA-7B6101A76C70}.Release|Any CPU.Deploy.0 = Release|Any CPU
		{875610FC-3E55-4DA6-9BCA-7B6101A76C70}.Release|ARM.ActiveCfg = Release|Any CPU
		{875610FC-3E55-4DA6-9BCA-7B6101A76C70}.Release|ARM.Build.0 = Release|Any CPU
		{875610FC-3E55-4DA6-9BCA-7B6101A76C70}.Release|ARM.Deploy.0 = Release|Any CPU
		{875610FC-3E55-4DA6-9BCA-7B6101A76C70}.Release|ARM64.ActiveCfg = Release|Any CPU
		{875610FC-3E55-4DA6-9BCA-7B6101A76C70}.Release|ARM64.Build.0 = Release|Any CPU
		{875610FC-3E55-4DA6-9BCA-7B6101A76C70}.Release|ARM64.Deploy.0 = Release|Any CPU
		{875610FC-3E55-4DA6-9BCA-7B6101A76C70}.Release|iPhone.ActiveCfg = Release|Any CPU
		{875610FC-3E55-4DA6-9BCA-7B6101A76C70}.Release|iPhone.Build.0 = Release|Any CPU
		{875610FC-3E55-4DA6-9BCA-7B6101A76C70}.Release|iPhone.Deploy.0 = Release|Any CPU
		{875610FC-3E55-4DA6-9BCA-7B6101A76C70}.Release|iPhoneSimulator.ActiveCfg = Release|Any CPU
		{875610FC-3E55-4DA6-9BCA-7B6101A76C70}.Release|iPhoneSimulator.Build.0 = Release|Any CPU
		{875610FC-3E55-4DA6-9BCA-7B6101A76C70}.Release|iPhoneSimulator.Deploy.0 = Release|Any CPU
		{875610FC-3E55-4DA6-9BCA-7B6101A76C70}.Release|x64.ActiveCfg = Release|Any CPU
		{875610FC-3E55-4DA6-9BCA-7B6101A76C70}.Release|x64.Build.0 = Release|Any CPU
		{875610FC-3E55-4DA6-9BCA-7B6101A76C70}.Release|x64.Deploy.0 = Release|Any CPU
		{875610FC-3E55-4DA6-9BCA-7B6101A76C70}.Release|x86.ActiveCfg = Release|Any CPU
		{875610FC-3E55-4DA6-9BCA-7B6101A76C70}.Release|x86.Build.0 = Release|Any CPU
		{875610FC-3E55-4DA6-9BCA-7B6101A76C70}.Release|x86.Deploy.0 = Release|Any CPU
		{7C0F87D6-8C1E-4EFA-9D57-D667F97068F0}.Ad-Hoc|Any CPU.ActiveCfg = Ad-Hoc|iPhoneSimulator
		{7C0F87D6-8C1E-4EFA-9D57-D667F97068F0}.Ad-Hoc|ARM.ActiveCfg = Ad-Hoc|iPhoneSimulator
		{7C0F87D6-8C1E-4EFA-9D57-D667F97068F0}.Ad-Hoc|ARM64.ActiveCfg = Ad-Hoc|iPhoneSimulator
		{7C0F87D6-8C1E-4EFA-9D57-D667F97068F0}.Ad-Hoc|iPhone.ActiveCfg = Ad-Hoc|iPhone
		{7C0F87D6-8C1E-4EFA-9D57-D667F97068F0}.Ad-Hoc|iPhone.Build.0 = Ad-Hoc|iPhone
		{7C0F87D6-8C1E-4EFA-9D57-D667F97068F0}.Ad-Hoc|iPhoneSimulator.ActiveCfg = Ad-Hoc|iPhoneSimulator
		{7C0F87D6-8C1E-4EFA-9D57-D667F97068F0}.Ad-Hoc|iPhoneSimulator.Build.0 = Ad-Hoc|iPhoneSimulator
		{7C0F87D6-8C1E-4EFA-9D57-D667F97068F0}.Ad-Hoc|x64.ActiveCfg = Ad-Hoc|iPhoneSimulator
		{7C0F87D6-8C1E-4EFA-9D57-D667F97068F0}.Ad-Hoc|x86.ActiveCfg = Ad-Hoc|iPhoneSimulator
		{7C0F87D6-8C1E-4EFA-9D57-D667F97068F0}.AppStore|Any CPU.ActiveCfg = AppStore|iPhoneSimulator
		{7C0F87D6-8C1E-4EFA-9D57-D667F97068F0}.AppStore|ARM.ActiveCfg = AppStore|iPhoneSimulator
		{7C0F87D6-8C1E-4EFA-9D57-D667F97068F0}.AppStore|ARM64.ActiveCfg = AppStore|iPhoneSimulator
		{7C0F87D6-8C1E-4EFA-9D57-D667F97068F0}.AppStore|iPhone.ActiveCfg = AppStore|iPhone
		{7C0F87D6-8C1E-4EFA-9D57-D667F97068F0}.AppStore|iPhone.Build.0 = AppStore|iPhone
		{7C0F87D6-8C1E-4EFA-9D57-D667F97068F0}.AppStore|iPhoneSimulator.ActiveCfg = AppStore|iPhoneSimulator
		{7C0F87D6-8C1E-4EFA-9D57-D667F97068F0}.AppStore|iPhoneSimulator.Build.0 = AppStore|iPhoneSimulator
		{7C0F87D6-8C1E-4EFA-9D57-D667F97068F0}.AppStore|x64.ActiveCfg = AppStore|iPhoneSimulator
		{7C0F87D6-8C1E-4EFA-9D57-D667F97068F0}.AppStore|x86.ActiveCfg = AppStore|iPhoneSimulator
		{7C0F87D6-8C1E-4EFA-9D57-D667F97068F0}.Debug|Any CPU.ActiveCfg = Debug|iPhoneSimulator
		{7C0F87D6-8C1E-4EFA-9D57-D667F97068F0}.Debug|ARM.ActiveCfg = Debug|iPhoneSimulator
		{7C0F87D6-8C1E-4EFA-9D57-D667F97068F0}.Debug|ARM64.ActiveCfg = Debug|iPhoneSimulator
		{7C0F87D6-8C1E-4EFA-9D57-D667F97068F0}.Debug|iPhone.ActiveCfg = Debug|iPhone
		{7C0F87D6-8C1E-4EFA-9D57-D667F97068F0}.Debug|iPhone.Build.0 = Debug|iPhone
		{7C0F87D6-8C1E-4EFA-9D57-D667F97068F0}.Debug|iPhoneSimulator.ActiveCfg = Debug|iPhoneSimulator
		{7C0F87D6-8C1E-4EFA-9D57-D667F97068F0}.Debug|iPhoneSimulator.Build.0 = Debug|iPhoneSimulator
		{7C0F87D6-8C1E-4EFA-9D57-D667F97068F0}.Debug|x64.ActiveCfg = Debug|iPhoneSimulator
		{7C0F87D6-8C1E-4EFA-9D57-D667F97068F0}.Debug|x86.ActiveCfg = Debug|iPhoneSimulator
		{7C0F87D6-8C1E-4EFA-9D57-D667F97068F0}.Release|Any CPU.ActiveCfg = Release|iPhoneSimulator
		{7C0F87D6-8C1E-4EFA-9D57-D667F97068F0}.Release|ARM.ActiveCfg = Release|iPhoneSimulator
		{7C0F87D6-8C1E-4EFA-9D57-D667F97068F0}.Release|ARM64.ActiveCfg = Release|iPhoneSimulator
		{7C0F87D6-8C1E-4EFA-9D57-D667F97068F0}.Release|iPhone.ActiveCfg = Release|iPhone
		{7C0F87D6-8C1E-4EFA-9D57-D667F97068F0}.Release|iPhone.Build.0 = Release|iPhone
		{7C0F87D6-8C1E-4EFA-9D57-D667F97068F0}.Release|iPhoneSimulator.ActiveCfg = Release|iPhoneSimulator
		{7C0F87D6-8C1E-4EFA-9D57-D667F97068F0}.Release|iPhoneSimulator.Build.0 = Release|iPhoneSimulator
		{7C0F87D6-8C1E-4EFA-9D57-D667F97068F0}.Release|x64.ActiveCfg = Release|iPhoneSimulator
		{7C0F87D6-8C1E-4EFA-9D57-D667F97068F0}.Release|x86.ActiveCfg = Release|iPhoneSimulator
		{87596B57-43D7-46EF-A190-7BCC77884046}.Ad-Hoc|Any CPU.ActiveCfg = Debug|iPhoneSimulator
		{87596B57-43D7-46EF-A190-7BCC77884046}.Ad-Hoc|Any CPU.Build.0 = Debug|iPhoneSimulator
		{87596B57-43D7-46EF-A190-7BCC77884046}.Ad-Hoc|ARM.ActiveCfg = Debug|iPhoneSimulator
		{87596B57-43D7-46EF-A190-7BCC77884046}.Ad-Hoc|ARM.Build.0 = Debug|iPhoneSimulator
		{87596B57-43D7-46EF-A190-7BCC77884046}.Ad-Hoc|ARM64.ActiveCfg = Debug|iPhoneSimulator
		{87596B57-43D7-46EF-A190-7BCC77884046}.Ad-Hoc|ARM64.Build.0 = Debug|iPhoneSimulator
		{87596B57-43D7-46EF-A190-7BCC77884046}.Ad-Hoc|iPhone.ActiveCfg = Debug|iPhoneSimulator
		{87596B57-43D7-46EF-A190-7BCC77884046}.Ad-Hoc|iPhone.Build.0 = Debug|iPhoneSimulator
		{87596B57-43D7-46EF-A190-7BCC77884046}.Ad-Hoc|iPhoneSimulator.ActiveCfg = Debug|iPhoneSimulator
		{87596B57-43D7-46EF-A190-7BCC77884046}.Ad-Hoc|iPhoneSimulator.Build.0 = Debug|iPhoneSimulator
		{87596B57-43D7-46EF-A190-7BCC77884046}.Ad-Hoc|x64.ActiveCfg = Debug|iPhoneSimulator
		{87596B57-43D7-46EF-A190-7BCC77884046}.Ad-Hoc|x64.Build.0 = Debug|iPhoneSimulator
		{87596B57-43D7-46EF-A190-7BCC77884046}.Ad-Hoc|x86.ActiveCfg = Debug|iPhoneSimulator
		{87596B57-43D7-46EF-A190-7BCC77884046}.Ad-Hoc|x86.Build.0 = Debug|iPhoneSimulator
		{87596B57-43D7-46EF-A190-7BCC77884046}.AppStore|Any CPU.ActiveCfg = Debug|iPhoneSimulator
		{87596B57-43D7-46EF-A190-7BCC77884046}.AppStore|Any CPU.Build.0 = Debug|iPhoneSimulator
		{87596B57-43D7-46EF-A190-7BCC77884046}.AppStore|ARM.ActiveCfg = Debug|iPhoneSimulator
		{87596B57-43D7-46EF-A190-7BCC77884046}.AppStore|ARM.Build.0 = Debug|iPhoneSimulator
		{87596B57-43D7-46EF-A190-7BCC77884046}.AppStore|ARM64.ActiveCfg = Debug|iPhoneSimulator
		{87596B57-43D7-46EF-A190-7BCC77884046}.AppStore|ARM64.Build.0 = Debug|iPhoneSimulator
		{87596B57-43D7-46EF-A190-7BCC77884046}.AppStore|iPhone.ActiveCfg = Debug|iPhoneSimulator
		{87596B57-43D7-46EF-A190-7BCC77884046}.AppStore|iPhone.Build.0 = Debug|iPhoneSimulator
		{87596B57-43D7-46EF-A190-7BCC77884046}.AppStore|iPhoneSimulator.ActiveCfg = Debug|iPhoneSimulator
		{87596B57-43D7-46EF-A190-7BCC77884046}.AppStore|iPhoneSimulator.Build.0 = Debug|iPhoneSimulator
		{87596B57-43D7-46EF-A190-7BCC77884046}.AppStore|x64.ActiveCfg = Debug|iPhoneSimulator
		{87596B57-43D7-46EF-A190-7BCC77884046}.AppStore|x64.Build.0 = Debug|iPhoneSimulator
		{87596B57-43D7-46EF-A190-7BCC77884046}.AppStore|x86.ActiveCfg = Debug|iPhoneSimulator
		{87596B57-43D7-46EF-A190-7BCC77884046}.AppStore|x86.Build.0 = Debug|iPhoneSimulator
		{87596B57-43D7-46EF-A190-7BCC77884046}.Debug|Any CPU.ActiveCfg = Debug|iPhoneSimulator
		{87596B57-43D7-46EF-A190-7BCC77884046}.Debug|ARM.ActiveCfg = Debug|iPhoneSimulator
		{87596B57-43D7-46EF-A190-7BCC77884046}.Debug|ARM64.ActiveCfg = Debug|iPhoneSimulator
		{87596B57-43D7-46EF-A190-7BCC77884046}.Debug|iPhone.ActiveCfg = Debug|iPhoneSimulator
		{87596B57-43D7-46EF-A190-7BCC77884046}.Debug|iPhoneSimulator.ActiveCfg = Debug|iPhoneSimulator
		{87596B57-43D7-46EF-A190-7BCC77884046}.Debug|iPhoneSimulator.Build.0 = Debug|iPhoneSimulator
		{87596B57-43D7-46EF-A190-7BCC77884046}.Debug|x64.ActiveCfg = Debug|iPhoneSimulator
		{87596B57-43D7-46EF-A190-7BCC77884046}.Debug|x86.ActiveCfg = Debug|iPhoneSimulator
		{87596B57-43D7-46EF-A190-7BCC77884046}.Release|Any CPU.ActiveCfg = Release|iPhoneSimulator
		{87596B57-43D7-46EF-A190-7BCC77884046}.Release|ARM.ActiveCfg = Release|iPhoneSimulator
		{87596B57-43D7-46EF-A190-7BCC77884046}.Release|ARM64.ActiveCfg = Release|iPhoneSimulator
		{87596B57-43D7-46EF-A190-7BCC77884046}.Release|iPhone.ActiveCfg = Release|iPhoneSimulator
		{87596B57-43D7-46EF-A190-7BCC77884046}.Release|iPhoneSimulator.ActiveCfg = Release|iPhoneSimulator
		{87596B57-43D7-46EF-A190-7BCC77884046}.Release|iPhoneSimulator.Build.0 = Release|iPhoneSimulator
		{87596B57-43D7-46EF-A190-7BCC77884046}.Release|x64.ActiveCfg = Release|iPhoneSimulator
		{87596B57-43D7-46EF-A190-7BCC77884046}.Release|x86.ActiveCfg = Release|iPhoneSimulator
		{A1CB15B7-659E-41D8-A8AD-441D2283B794}.Ad-Hoc|Any CPU.ActiveCfg = Debug|x86
		{A1CB15B7-659E-41D8-A8AD-441D2283B794}.Ad-Hoc|Any CPU.Build.0 = Debug|x86
		{A1CB15B7-659E-41D8-A8AD-441D2283B794}.Ad-Hoc|Any CPU.Deploy.0 = Debug|x86
		{A1CB15B7-659E-41D8-A8AD-441D2283B794}.Ad-Hoc|ARM.ActiveCfg = Debug|ARM
		{A1CB15B7-659E-41D8-A8AD-441D2283B794}.Ad-Hoc|ARM.Build.0 = Debug|ARM
		{A1CB15B7-659E-41D8-A8AD-441D2283B794}.Ad-Hoc|ARM.Deploy.0 = Debug|ARM
		{A1CB15B7-659E-41D8-A8AD-441D2283B794}.Ad-Hoc|ARM64.ActiveCfg = Debug|ARM64
		{A1CB15B7-659E-41D8-A8AD-441D2283B794}.Ad-Hoc|ARM64.Build.0 = Debug|ARM64
		{A1CB15B7-659E-41D8-A8AD-441D2283B794}.Ad-Hoc|ARM64.Deploy.0 = Debug|ARM64
		{A1CB15B7-659E-41D8-A8AD-441D2283B794}.Ad-Hoc|iPhone.ActiveCfg = Debug|x86
		{A1CB15B7-659E-41D8-A8AD-441D2283B794}.Ad-Hoc|iPhone.Build.0 = Debug|x86
		{A1CB15B7-659E-41D8-A8AD-441D2283B794}.Ad-Hoc|iPhone.Deploy.0 = Debug|x86
		{A1CB15B7-659E-41D8-A8AD-441D2283B794}.Ad-Hoc|iPhoneSimulator.ActiveCfg = Debug|x86
		{A1CB15B7-659E-41D8-A8AD-441D2283B794}.Ad-Hoc|iPhoneSimulator.Build.0 = Debug|x86
		{A1CB15B7-659E-41D8-A8AD-441D2283B794}.Ad-Hoc|iPhoneSimulator.Deploy.0 = Debug|x86
		{A1CB15B7-659E-41D8-A8AD-441D2283B794}.Ad-Hoc|x64.ActiveCfg = Debug|x64
		{A1CB15B7-659E-41D8-A8AD-441D2283B794}.Ad-Hoc|x64.Build.0 = Debug|x64
		{A1CB15B7-659E-41D8-A8AD-441D2283B794}.Ad-Hoc|x64.Deploy.0 = Debug|x64
		{A1CB15B7-659E-41D8-A8AD-441D2283B794}.Ad-Hoc|x86.ActiveCfg = Debug|x86
		{A1CB15B7-659E-41D8-A8AD-441D2283B794}.Ad-Hoc|x86.Build.0 = Debug|x86
		{A1CB15B7-659E-41D8-A8AD-441D2283B794}.Ad-Hoc|x86.Deploy.0 = Debug|x86
		{A1CB15B7-659E-41D8-A8AD-441D2283B794}.AppStore|Any CPU.ActiveCfg = Debug|x86
		{A1CB15B7-659E-41D8-A8AD-441D2283B794}.AppStore|Any CPU.Build.0 = Debug|x86
		{A1CB15B7-659E-41D8-A8AD-441D2283B794}.AppStore|Any CPU.Deploy.0 = Debug|x86
		{A1CB15B7-659E-41D8-A8AD-441D2283B794}.AppStore|ARM.ActiveCfg = Debug|ARM
		{A1CB15B7-659E-41D8-A8AD-441D2283B794}.AppStore|ARM.Build.0 = Debug|ARM
		{A1CB15B7-659E-41D8-A8AD-441D2283B794}.AppStore|ARM.Deploy.0 = Debug|ARM
		{A1CB15B7-659E-41D8-A8AD-441D2283B794}.AppStore|ARM64.ActiveCfg = Debug|ARM64
		{A1CB15B7-659E-41D8-A8AD-441D2283B794}.AppStore|ARM64.Build.0 = Debug|ARM64
		{A1CB15B7-659E-41D8-A8AD-441D2283B794}.AppStore|ARM64.Deploy.0 = Debug|ARM64
		{A1CB15B7-659E-41D8-A8AD-441D2283B794}.AppStore|iPhone.ActiveCfg = Debug|x86
		{A1CB15B7-659E-41D8-A8AD-441D2283B794}.AppStore|iPhone.Build.0 = Debug|x86
		{A1CB15B7-659E-41D8-A8AD-441D2283B794}.AppStore|iPhone.Deploy.0 = Debug|x86
		{A1CB15B7-659E-41D8-A8AD-441D2283B794}.AppStore|iPhoneSimulator.ActiveCfg = Debug|x86
		{A1CB15B7-659E-41D8-A8AD-441D2283B794}.AppStore|iPhoneSimulator.Build.0 = Debug|x86
		{A1CB15B7-659E-41D8-A8AD-441D2283B794}.AppStore|iPhoneSimulator.Deploy.0 = Debug|x86
		{A1CB15B7-659E-41D8-A8AD-441D2283B794}.AppStore|x64.ActiveCfg = Debug|x64
		{A1CB15B7-659E-41D8-A8AD-441D2283B794}.AppStore|x64.Build.0 = Debug|x64
		{A1CB15B7-659E-41D8-A8AD-441D2283B794}.AppStore|x64.Deploy.0 = Debug|x64
		{A1CB15B7-659E-41D8-A8AD-441D2283B794}.AppStore|x86.ActiveCfg = Debug|x86
		{A1CB15B7-659E-41D8-A8AD-441D2283B794}.AppStore|x86.Build.0 = Debug|x86
		{A1CB15B7-659E-41D8-A8AD-441D2283B794}.AppStore|x86.Deploy.0 = Debug|x86
		{A1CB15B7-659E-41D8-A8AD-441D2283B794}.Debug|Any CPU.ActiveCfg = Debug|x86
		{A1CB15B7-659E-41D8-A8AD-441D2283B794}.Debug|ARM.ActiveCfg = Debug|ARM
		{A1CB15B7-659E-41D8-A8AD-441D2283B794}.Debug|ARM.Build.0 = Debug|ARM
		{A1CB15B7-659E-41D8-A8AD-441D2283B794}.Debug|ARM.Deploy.0 = Debug|ARM
		{A1CB15B7-659E-41D8-A8AD-441D2283B794}.Debug|ARM64.ActiveCfg = Debug|ARM64
		{A1CB15B7-659E-41D8-A8AD-441D2283B794}.Debug|ARM64.Build.0 = Debug|ARM64
		{A1CB15B7-659E-41D8-A8AD-441D2283B794}.Debug|ARM64.Deploy.0 = Debug|ARM64
		{A1CB15B7-659E-41D8-A8AD-441D2283B794}.Debug|iPhone.ActiveCfg = Debug|x86
		{A1CB15B7-659E-41D8-A8AD-441D2283B794}.Debug|iPhoneSimulator.ActiveCfg = Debug|x86
		{A1CB15B7-659E-41D8-A8AD-441D2283B794}.Debug|x64.ActiveCfg = Debug|x64
		{A1CB15B7-659E-41D8-A8AD-441D2283B794}.Debug|x64.Build.0 = Debug|x64
		{A1CB15B7-659E-41D8-A8AD-441D2283B794}.Debug|x64.Deploy.0 = Debug|x64
		{A1CB15B7-659E-41D8-A8AD-441D2283B794}.Debug|x86.ActiveCfg = Debug|x86
		{A1CB15B7-659E-41D8-A8AD-441D2283B794}.Debug|x86.Build.0 = Debug|x86
		{A1CB15B7-659E-41D8-A8AD-441D2283B794}.Debug|x86.Deploy.0 = Debug|x86
		{A1CB15B7-659E-41D8-A8AD-441D2283B794}.Release|Any CPU.ActiveCfg = Release|x86
		{A1CB15B7-659E-41D8-A8AD-441D2283B794}.Release|ARM.ActiveCfg = Release|ARM
		{A1CB15B7-659E-41D8-A8AD-441D2283B794}.Release|ARM.Build.0 = Release|ARM
		{A1CB15B7-659E-41D8-A8AD-441D2283B794}.Release|ARM.Deploy.0 = Release|ARM
		{A1CB15B7-659E-41D8-A8AD-441D2283B794}.Release|ARM64.ActiveCfg = Release|ARM64
		{A1CB15B7-659E-41D8-A8AD-441D2283B794}.Release|ARM64.Build.0 = Release|ARM64
		{A1CB15B7-659E-41D8-A8AD-441D2283B794}.Release|ARM64.Deploy.0 = Release|ARM64
		{A1CB15B7-659E-41D8-A8AD-441D2283B794}.Release|iPhone.ActiveCfg = Release|x86
		{A1CB15B7-659E-41D8-A8AD-441D2283B794}.Release|iPhoneSimulator.ActiveCfg = Release|x86
		{A1CB15B7-659E-41D8-A8AD-441D2283B794}.Release|x64.ActiveCfg = Release|x64
		{A1CB15B7-659E-41D8-A8AD-441D2283B794}.Release|x64.Build.0 = Release|x64
		{A1CB15B7-659E-41D8-A8AD-441D2283B794}.Release|x64.Deploy.0 = Release|x64
		{A1CB15B7-659E-41D8-A8AD-441D2283B794}.Release|x86.ActiveCfg = Release|x86
		{A1CB15B7-659E-41D8-A8AD-441D2283B794}.Release|x86.Build.0 = Release|x86
		{A1CB15B7-659E-41D8-A8AD-441D2283B794}.Release|x86.Deploy.0 = Release|x86
		{6A140CBC-2C5A-438A-8D12-C89289041A71}.Ad-Hoc|Any CPU.ActiveCfg = Debug|Any CPU
		{6A140CBC-2C5A-438A-8D12-C89289041A71}.Ad-Hoc|Any CPU.Build.0 = Debug|Any CPU
		{6A140CBC-2C5A-438A-8D12-C89289041A71}.Ad-Hoc|ARM.ActiveCfg = Debug|Any CPU
		{6A140CBC-2C5A-438A-8D12-C89289041A71}.Ad-Hoc|ARM.Build.0 = Debug|Any CPU
		{6A140CBC-2C5A-438A-8D12-C89289041A71}.Ad-Hoc|ARM64.ActiveCfg = Debug|Any CPU
		{6A140CBC-2C5A-438A-8D12-C89289041A71}.Ad-Hoc|ARM64.Build.0 = Debug|Any CPU
		{6A140CBC-2C5A-438A-8D12-C89289041A71}.Ad-Hoc|iPhone.ActiveCfg = Debug|Any CPU
		{6A140CBC-2C5A-438A-8D12-C89289041A71}.Ad-Hoc|iPhone.Build.0 = Debug|Any CPU
		{6A140CBC-2C5A-438A-8D12-C89289041A71}.Ad-Hoc|iPhoneSimulator.ActiveCfg = Debug|Any CPU
		{6A140CBC-2C5A-438A-8D12-C89289041A71}.Ad-Hoc|iPhoneSimulator.Build.0 = Debug|Any CPU
		{6A140CBC-2C5A-438A-8D12-C89289041A71}.Ad-Hoc|x64.ActiveCfg = Debug|Any CPU
		{6A140CBC-2C5A-438A-8D12-C89289041A71}.Ad-Hoc|x64.Build.0 = Debug|Any CPU
		{6A140CBC-2C5A-438A-8D12-C89289041A71}.Ad-Hoc|x86.ActiveCfg = Debug|Any CPU
		{6A140CBC-2C5A-438A-8D12-C89289041A71}.Ad-Hoc|x86.Build.0 = Debug|Any CPU
		{6A140CBC-2C5A-438A-8D12-C89289041A71}.AppStore|Any CPU.ActiveCfg = Debug|Any CPU
		{6A140CBC-2C5A-438A-8D12-C89289041A71}.AppStore|Any CPU.Build.0 = Debug|Any CPU
		{6A140CBC-2C5A-438A-8D12-C89289041A71}.AppStore|ARM.ActiveCfg = Debug|Any CPU
		{6A140CBC-2C5A-438A-8D12-C89289041A71}.AppStore|ARM.Build.0 = Debug|Any CPU
		{6A140CBC-2C5A-438A-8D12-C89289041A71}.AppStore|ARM64.ActiveCfg = Debug|Any CPU
		{6A140CBC-2C5A-438A-8D12-C89289041A71}.AppStore|ARM64.Build.0 = Debug|Any CPU
		{6A140CBC-2C5A-438A-8D12-C89289041A71}.AppStore|iPhone.ActiveCfg = Debug|Any CPU
		{6A140CBC-2C5A-438A-8D12-C89289041A71}.AppStore|iPhone.Build.0 = Debug|Any CPU
		{6A140CBC-2C5A-438A-8D12-C89289041A71}.AppStore|iPhoneSimulator.ActiveCfg = Debug|Any CPU
		{6A140CBC-2C5A-438A-8D12-C89289041A71}.AppStore|iPhoneSimulator.Build.0 = Debug|Any CPU
		{6A140CBC-2C5A-438A-8D12-C89289041A71}.AppStore|x64.ActiveCfg = Debug|Any CPU
		{6A140CBC-2C5A-438A-8D12-C89289041A71}.AppStore|x64.Build.0 = Debug|Any CPU
		{6A140CBC-2C5A-438A-8D12-C89289041A71}.AppStore|x86.ActiveCfg = Debug|Any CPU
		{6A140CBC-2C5A-438A-8D12-C89289041A71}.AppStore|x86.Build.0 = Debug|Any CPU
		{6A140CBC-2C5A-438A-8D12-C89289041A71}.Debug|Any CPU.ActiveCfg = Debug|Any CPU
		{6A140CBC-2C5A-438A-8D12-C89289041A71}.Debug|Any CPU.Build.0 = Debug|Any CPU
		{6A140CBC-2C5A-438A-8D12-C89289041A71}.Debug|ARM.ActiveCfg = Debug|Any CPU
		{6A140CBC-2C5A-438A-8D12-C89289041A71}.Debug|ARM.Build.0 = Debug|Any CPU
		{6A140CBC-2C5A-438A-8D12-C89289041A71}.Debug|ARM64.ActiveCfg = Debug|Any CPU
		{6A140CBC-2C5A-438A-8D12-C89289041A71}.Debug|ARM64.Build.0 = Debug|Any CPU
		{6A140CBC-2C5A-438A-8D12-C89289041A71}.Debug|iPhone.ActiveCfg = Debug|Any CPU
		{6A140CBC-2C5A-438A-8D12-C89289041A71}.Debug|iPhone.Build.0 = Debug|Any CPU
		{6A140CBC-2C5A-438A-8D12-C89289041A71}.Debug|iPhoneSimulator.ActiveCfg = Debug|Any CPU
		{6A140CBC-2C5A-438A-8D12-C89289041A71}.Debug|iPhoneSimulator.Build.0 = Debug|Any CPU
		{6A140CBC-2C5A-438A-8D12-C89289041A71}.Debug|x64.ActiveCfg = Debug|Any CPU
		{6A140CBC-2C5A-438A-8D12-C89289041A71}.Debug|x64.Build.0 = Debug|Any CPU
		{6A140CBC-2C5A-438A-8D12-C89289041A71}.Debug|x86.ActiveCfg = Debug|Any CPU
		{6A140CBC-2C5A-438A-8D12-C89289041A71}.Debug|x86.Build.0 = Debug|Any CPU
		{6A140CBC-2C5A-438A-8D12-C89289041A71}.Release|Any CPU.ActiveCfg = Release|Any CPU
		{6A140CBC-2C5A-438A-8D12-C89289041A71}.Release|Any CPU.Build.0 = Release|Any CPU
		{6A140CBC-2C5A-438A-8D12-C89289041A71}.Release|ARM.ActiveCfg = Release|Any CPU
		{6A140CBC-2C5A-438A-8D12-C89289041A71}.Release|ARM.Build.0 = Release|Any CPU
		{6A140CBC-2C5A-438A-8D12-C89289041A71}.Release|ARM64.ActiveCfg = Release|Any CPU
		{6A140CBC-2C5A-438A-8D12-C89289041A71}.Release|ARM64.Build.0 = Release|Any CPU
		{6A140CBC-2C5A-438A-8D12-C89289041A71}.Release|iPhone.ActiveCfg = Release|Any CPU
		{6A140CBC-2C5A-438A-8D12-C89289041A71}.Release|iPhone.Build.0 = Release|Any CPU
		{6A140CBC-2C5A-438A-8D12-C89289041A71}.Release|iPhoneSimulator.ActiveCfg = Release|Any CPU
		{6A140CBC-2C5A-438A-8D12-C89289041A71}.Release|iPhoneSimulator.Build.0 = Release|Any CPU
		{6A140CBC-2C5A-438A-8D12-C89289041A71}.Release|x64.ActiveCfg = Release|Any CPU
		{6A140CBC-2C5A-438A-8D12-C89289041A71}.Release|x64.Build.0 = Release|Any CPU
		{6A140CBC-2C5A-438A-8D12-C89289041A71}.Release|x86.ActiveCfg = Release|Any CPU
		{6A140CBC-2C5A-438A-8D12-C89289041A71}.Release|x86.Build.0 = Release|Any CPU
	EndGlobalSection
	GlobalSection(SolutionProperties) = preSolution
		HideSolutionNode = FALSE
	EndGlobalSection
	GlobalSection(NestedProjects) = preSolution
		{0B66D680-E104-438F-BB04-8E60AEC0C0DE} = {78F57A40-B366-4E5B-83BA-87746CF002FD}
		{81D26E4D-D867-4BE0-A250-CBBA7F100435} = {78F57A40-B366-4E5B-83BA-87746CF002FD}
		{4F38CA76-A3ED-4A6A-BCD2-2FCFA673DEB5} = {78F57A40-B366-4E5B-83BA-87746CF002FD}
		{81D8F3FA-6870-4771-A465-97D8C61626AF} = {78F57A40-B366-4E5B-83BA-87746CF002FD}
		{5E7F91FB-16A7-4873-B413-52E39079C4FA} = {D8E3DA4F-9CA9-4F9D-B161-41C45C7BF37F}
		{766F2C1D-925E-4F5D-99FD-DE8629C6A766} = {D8E3DA4F-9CA9-4F9D-B161-41C45C7BF37F}
		{953A2180-F39D-499D-838B-5AD9A9FBEAE7} = {1CB649B2-392E-491A-B599-5F263AB8B336}
		{DFD853F4-F13D-458A-A340-CC6E2BC20D55} = {1CB649B2-392E-491A-B599-5F263AB8B336}
		{03DFAFB7-C9AA-43B4-BF4A-5ECF2345CC29} = {1CB649B2-392E-491A-B599-5F263AB8B336}
		{875610FC-3E55-4DA6-9BCA-7B6101A76C70} = {03DFAFB7-C9AA-43B4-BF4A-5ECF2345CC29}
		{7C0F87D6-8C1E-4EFA-9D57-D667F97068F0} = {03DFAFB7-C9AA-43B4-BF4A-5ECF2345CC29}
		{87596B57-43D7-46EF-A190-7BCC77884046} = {03DFAFB7-C9AA-43B4-BF4A-5ECF2345CC29}
		{A1CB15B7-659E-41D8-A8AD-441D2283B794} = {03DFAFB7-C9AA-43B4-BF4A-5ECF2345CC29}
		{6A140CBC-2C5A-438A-8D12-C89289041A71} = {03DFAFB7-C9AA-43B4-BF4A-5ECF2345CC29}
	EndGlobalSection
	GlobalSection(ExtensibilityGlobals) = postSolution
		SolutionGuid = {77AC366A-C86E-4348-A672-3808E4BFE06E}
	EndGlobalSection
EndGlobal
